// !$*UTF8*$!
{
	archiveVersion = 1;
	classes = {
	};
	objectVersion = 70;
	objects = {

/* Begin PBXBuildFile section */
		11521954289EECD50090F324 /* CloudKit.framework in Frameworks */ = {isa = PBXBuildFile; fileRef = 11521953289EECD50090F324 /* CloudKit.framework */; };
		11AFF142288F40D200BD2ADC /* WidgetKit.framework in Frameworks */ = {isa = PBXBuildFile; fileRef = 11AFF141288F40D200BD2ADC /* WidgetKit.framework */; };
		11AFF144288F40D200BD2ADC /* SwiftUI.framework in Frameworks */ = {isa = PBXBuildFile; fileRef = 11AFF143288F40D200BD2ADC /* SwiftUI.framework */; };
		11AFF14D288F40D400BD2ADC /* MIAappWidgetExtension.appex in Embed Foundation Extensions */ = {isa = PBXBuildFile; fileRef = 11AFF13F288F40D200BD2ADC /* MIAappWidgetExtension.appex */; settings = {ATTRIBUTES = (RemoveHeadersOnCopy, ); }; };
		D22D7B4B2D39A81F00DB1015 /* MIAPackages in Frameworks */ = {isa = PBXBuildFile; productRef = D22D7B4A2D39A81F00DB1015 /* MIAPackages */; };
		D2D004B82D39A522006F3A49 /* MIAPackages in Frameworks */ = {isa = PBXBuildFile; productRef = D2D004B72D39A522006F3A49 /* MIAPackages */; };
/* End PBXBuildFile section */

/* Begin PBXContainerItemProxy section */
		11AFF14B288F40D400BD2ADC /* PBXContainerItemProxy */ = {
			isa = PBXContainerItemProxy;
			containerPortal = 11F559F8271C546800BF5E8E /* Project object */;
			proxyType = 1;
			remoteGlobalIDString = 11AFF13E288F40D200BD2ADC;
			remoteInfo = MIAappWidgetExtension;
		};
/* End PBXContainerItemProxy section */

/* Begin PBXCopyFilesBuildPhase section */
		11AFF14E288F40D400BD2ADC /* Embed Foundation Extensions */ = {
			isa = PBXCopyFilesBuildPhase;
			buildActionMask = 2147483647;
			dstPath = "";
			dstSubfolderSpec = 13;
			files = (
				11AFF14D288F40D400BD2ADC /* MIAappWidgetExtension.appex in Embed Foundation Extensions */,
			);
			name = "Embed Foundation Extensions";
			runOnlyForDeploymentPostprocessing = 0;
		};
/* End PBXCopyFilesBuildPhase section */

/* Begin PBXFileReference section */
		11521953289EECD50090F324 /* CloudKit.framework */ = {isa = PBXFileReference; lastKnownFileType = wrapper.framework; name = CloudKit.framework; path = System/Library/Frameworks/CloudKit.framework; sourceTree = SDKROOT; };
		11AFF13F288F40D200BD2ADC /* MIAappWidgetExtension.appex */ = {isa = PBXFileReference; explicitFileType = "wrapper.app-extension"; includeInIndex = 0; path = MIAappWidgetExtension.appex; sourceTree = BUILT_PRODUCTS_DIR; };
		11AFF141288F40D200BD2ADC /* WidgetKit.framework */ = {isa = PBXFileReference; lastKnownFileType = wrapper.framework; name = WidgetKit.framework; path = System/Library/Frameworks/WidgetKit.framework; sourceTree = SDKROOT; };
		11AFF143288F40D200BD2ADC /* SwiftUI.framework */ = {isa = PBXFileReference; lastKnownFileType = wrapper.framework; name = SwiftUI.framework; path = System/Library/Frameworks/SwiftUI.framework; sourceTree = SDKROOT; };
		11F55A00271C546800BF5E8E /* MIA.app */ = {isa = PBXFileReference; explicitFileType = wrapper.application; includeInIndex = 0; path = MIA.app; sourceTree = BUILT_PRODUCTS_DIR; };
		D22D7B4C2D39A8C800DB1015 /* MIAPackages */ = {isa = PBXFileReference; lastKnownFileType = wrapper; path = MIAPackages; sourceTree = "<group>"; };
		DBC7CBC22D18EC7C008BB12E /* Config.xcconfig */ = {isa = PBXFileReference; lastKnownFileType = text.xcconfig; path = Config.xcconfig; sourceTree = "<group>"; };
/* End PBXFileReference section */

/* Begin PBXFileSystemSynchronizedBuildFileExceptionSet section */
		DB0581312E1B1D2F00DDF29F /* PBXFileSystemSynchronizedBuildFileExceptionSet */ = {
			isa = PBXFileSystemSynchronizedBuildFileExceptionSet;
			membershipExceptions = (
				Info.plist,
			);
			target = 11F559FF271C546800BF5E8E /* MIAapp */;
		};
		DB0581322E1B1D2F00DDF29F /* PBXFileSystemSynchronizedBuildFileExceptionSet */ = {
			isa = PBXFileSystemSynchronizedBuildFileExceptionSet;
			membershipExceptions = (
				Assets/Media.xcassets,
				Constants.swift,
				PrivacyInfo.xcprivacy,
			);
			target = 11AFF13E288F40D200BD2ADC /* MIAappWidgetExtension */;
		};
		DB05813A2E1B1D3700DDF29F /* PBXFileSystemSynchronizedBuildFileExceptionSet */ = {
			isa = PBXFileSystemSynchronizedBuildFileExceptionSet;
			membershipExceptions = (
				Info.plist,
			);
			target = 11AFF13E288F40D200BD2ADC /* MIAappWidgetExtension */;
		};
/* End PBXFileSystemSynchronizedBuildFileExceptionSet section */

/* Begin PBXFileSystemSynchronizedRootGroup section */
		DB0581062E1B1D2F00DDF29F /* MIAapp */ = {isa = PBXFileSystemSynchronizedRootGroup; exceptions = (DB0581312E1B1D2F00DDF29F /* PBXFileSystemSynchronizedBuildFileExceptionSet */, DB0581322E1B1D2F00DDF29F /* PBXFileSystemSynchronizedBuildFileExceptionSet */, ); explicitFileTypes = {}; explicitFolders = (); path = MIAapp; sourceTree = "<group>"; };
		DB0581362E1B1D3700DDF29F /* MIAappWidget */ = {isa = PBXFileSystemSynchronizedRootGroup; exceptions = (DB05813A2E1B1D3700DDF29F /* PBXFileSystemSynchronizedBuildFileExceptionSet */, ); explicitFileTypes = {}; explicitFolders = (); path = MIAappWidget; sourceTree = "<group>"; };
/* End PBXFileSystemSynchronizedRootGroup section */

/* Begin PBXFrameworksBuildPhase section */
		11AFF13C288F40D200BD2ADC /* Frameworks */ = {
			isa = PBXFrameworksBuildPhase;
			buildActionMask = 2147483647;
			files = (
				D2D004B82D39A522006F3A49 /* MIAPackages in Frameworks */,
				11AFF144288F40D200BD2ADC /* SwiftUI.framework in Frameworks */,
				11AFF142288F40D200BD2ADC /* WidgetKit.framework in Frameworks */,
			);
			runOnlyForDeploymentPostprocessing = 0;
		};
		11F559FD271C546800BF5E8E /* Frameworks */ = {
			isa = PBXFrameworksBuildPhase;
			buildActionMask = 2147483647;
			files = (
				11521954289EECD50090F324 /* CloudKit.framework in Frameworks */,
				D22D7B4B2D39A81F00DB1015 /* MIAPackages in Frameworks */,
			);
			runOnlyForDeploymentPostprocessing = 0;
		};
/* End PBXFrameworksBuildPhase section */

/* Begin PBXGroup section */
		11AFF140288F40D200BD2ADC /* Frameworks */ = {
			isa = PBXGroup;
			children = (
				11521953289EECD50090F324 /* CloudKit.framework */,
				11AFF143288F40D200BD2ADC /* SwiftUI.framework */,
				11AFF141288F40D200BD2ADC /* WidgetKit.framework */,
			);
			name = Frameworks;
			sourceTree = "<group>";
		};
		11F559F7271C546800BF5E8E = {
			isa = PBXGroup;
			children = (
				D22D7B4C2D39A8C800DB1015 /* MIAPackages */,
				DBC7CBC22D18EC7C008BB12E /* Config.xcconfig */,
				DB0581062E1B1D2F00DDF29F /* MIAapp */,
				DB0581362E1B1D3700DDF29F /* MIAappWidget */,
				11AFF140288F40D200BD2ADC /* Frameworks */,
				11F55A01271C546800BF5E8E /* Products */,
			);
			sourceTree = "<group>";
		};
		11F55A01271C546800BF5E8E /* Products */ = {
			isa = PBXGroup;
			children = (
				11F55A00271C546800BF5E8E /* MIA.app */,
				11AFF13F288F40D200BD2ADC /* MIAappWidgetExtension.appex */,
			);
			name = Products;
			sourceTree = "<group>";
		};
/* End PBXGroup section */

/* Begin PBXNativeTarget section */
		11AFF13E288F40D200BD2ADC /* MIAappWidgetExtension */ = {
			isa = PBXNativeTarget;
			buildConfigurationList = 11AFF151288F40D400BD2ADC /* Build configuration list for PBXNativeTarget "MIAappWidgetExtension" */;
			buildPhases = (
				11AFF13B288F40D200BD2ADC /* Sources */,
				11AFF13C288F40D200BD2ADC /* Frameworks */,
				11AFF13D288F40D200BD2ADC /* Resources */,
			);
			buildRules = (
			);
			dependencies = (
			);
			fileSystemSynchronizedGroups = (
				DB0581362E1B1D3700DDF29F /* MIAappWidget */,
			);
			name = MIAappWidgetExtension;
			productName = MIAappWidgetExtension;
			productReference = 11AFF13F288F40D200BD2ADC /* MIAappWidgetExtension.appex */;
			productType = "com.apple.product-type.app-extension";
		};
		11F559FF271C546800BF5E8E /* MIAapp */ = {
			isa = PBXNativeTarget;
			buildConfigurationList = 11F55A0E271C546C00BF5E8E /* Build configuration list for PBXNativeTarget "MIAapp" */;
			buildPhases = (
				11F559FC271C546800BF5E8E /* Sources */,
				11F559FD271C546800BF5E8E /* Frameworks */,
				11F559FE271C546800BF5E8E /* Resources */,
				11AFF14E288F40D400BD2ADC /* Embed Foundation Extensions */,
			);
			buildRules = (
			);
			dependencies = (
				11AFF14C288F40D400BD2ADC /* PBXTargetDependency */,
			);
			fileSystemSynchronizedGroups = (
				DB0581062E1B1D2F00DDF29F /* MIAapp */,
			);
			name = MIAapp;
			productName = MIAapp;
			productReference = 11F55A00271C546800BF5E8E /* MIA.app */;
			productType = "com.apple.product-type.application";
		};
/* End PBXNativeTarget section */

/* Begin PBXProject section */
		11F559F8271C546800BF5E8E /* Project object */ = {
			isa = PBXProject;
			attributes = {
				BuildIndependentTargetsInParallel = 1;
				LastSwiftUpdateCheck = 1330;
				LastUpgradeCheck = 1530;
				TargetAttributes = {
					11AFF13E288F40D200BD2ADC = {
						CreatedOnToolsVersion = 13.3.1;
					};
					11F559FF271C546800BF5E8E = {
						CreatedOnToolsVersion = 13.0;
					};
				};
			};
			buildConfigurationList = 11F559FB271C546800BF5E8E /* Build configuration list for PBXProject "MIAapp" */;
			compatibilityVersion = "Xcode 13.0";
			developmentRegion = en;
			hasScannedForEncodings = 0;
			knownRegions = (
				en,
				Base,
			);
			mainGroup = 11F559F7271C546800BF5E8E;
			packageReferences = (
			);
			productRefGroup = 11F55A01271C546800BF5E8E /* Products */;
			projectDirPath = "";
			projectRoot = "";
			targets = (
				11F559FF271C546800BF5E8E /* MIAapp */,
				11AFF13E288F40D200BD2ADC /* MIAappWidgetExtension */,
			);
		};
/* End PBXProject section */

/* Begin PBXResourcesBuildPhase section */
		11AFF13D288F40D200BD2ADC /* Resources */ = {
			isa = PBXResourcesBuildPhase;
			buildActionMask = 2147483647;
			files = (
			);
			runOnlyForDeploymentPostprocessing = 0;
		};
		11F559FE271C546800BF5E8E /* Resources */ = {
			isa = PBXResourcesBuildPhase;
			buildActionMask = 2147483647;
			files = (
			);
			runOnlyForDeploymentPostprocessing = 0;
		};
/* End PBXResourcesBuildPhase section */

/* Begin PBXSourcesBuildPhase section */
		11AFF13B288F40D200BD2ADC /* Sources */ = {
			isa = PBXSourcesBuildPhase;
			buildActionMask = 2147483647;
			files = (
			);
			runOnlyForDeploymentPostprocessing = 0;
		};
		11F559FC271C546800BF5E8E /* Sources */ = {
			isa = PBXSourcesBuildPhase;
			buildActionMask = 2147483647;
			files = (
			);
			runOnlyForDeploymentPostprocessing = 0;
		};
/* End PBXSourcesBuildPhase section */

/* Begin PBXTargetDependency section */
		11AFF14C288F40D400BD2ADC /* PBXTargetDependency */ = {
			isa = PBXTargetDependency;
			target = 11AFF13E288F40D200BD2ADC /* MIAappWidgetExtension */;
			targetProxy = 11AFF14B288F40D400BD2ADC /* PBXContainerItemProxy */;
		};
/* End PBXTargetDependency section */

/* Begin XCBuildConfiguration section */
		11AFF14F288F40D400BD2ADC /* Debug */ = {
			isa = XCBuildConfiguration;
			buildSettings = {
				ASSETCATALOG_COMPILER_GLOBAL_ACCENT_COLOR_NAME = AccentColor;
				ASSETCATALOG_COMPILER_WIDGET_BACKGROUND_COLOR_NAME = WidgetBackground;
				CODE_SIGN_IDENTITY = "Apple Development";
				CODE_SIGN_STYLE = Automatic;
				CURRENT_PROJECT_VERSION = 8;
				DEVELOPMENT_TEAM = T4C95573CH;
				ENABLE_USER_SCRIPT_SANDBOXING = NO;
				GENERATE_INFOPLIST_FILE = YES;
				INFOPLIST_FILE = MIAappWidget/Info.plist;
				INFOPLIST_KEY_CFBundleDisplayName = MIAappWidget;
				INFOPLIST_KEY_NSHumanReadableCopyright = "";
				IPHONEOS_DEPLOYMENT_TARGET = 17.6;
				LD_RUNPATH_SEARCH_PATHS = (
					"$(inherited)",
					"@executable_path/Frameworks",
					"@executable_path/../../Frameworks",
				);
				MARKETING_VERSION = 1.3.1;
				PRODUCT_BUNDLE_IDENTIFIER = "org.modernism-in-architecture.MIAapp.MIAappWidget";
				PRODUCT_NAME = "$(TARGET_NAME)";
				SKIP_INSTALL = YES;
				SWIFT_EMIT_LOC_STRINGS = YES;
				SWIFT_VERSION = 5.0;
				TARGETED_DEVICE_FAMILY = "1,2";
			};
			name = Debug;
		};
		11AFF150288F40D400BD2ADC /* Release */ = {
			isa = XCBuildConfiguration;
			buildSettings = {
				ASSETCATALOG_COMPILER_GLOBAL_ACCENT_COLOR_NAME = AccentColor;
				ASSETCATALOG_COMPILER_WIDGET_BACKGROUND_COLOR_NAME = WidgetBackground;
				CODE_SIGN_IDENTITY = "Apple Development";
				CODE_SIGN_STYLE = Automatic;
				CURRENT_PROJECT_VERSION = 8;
				DEVELOPMENT_TEAM = T4C95573CH;
				ENABLE_USER_SCRIPT_SANDBOXING = NO;
				GENERATE_INFOPLIST_FILE = YES;
				INFOPLIST_FILE = MIAappWidget/Info.plist;
				INFOPLIST_KEY_CFBundleDisplayName = MIAappWidget;
				INFOPLIST_KEY_NSHumanReadableCopyright = "";
				IPHONEOS_DEPLOYMENT_TARGET = 17.6;
				LD_RUNPATH_SEARCH_PATHS = (
					"$(inherited)",
					"@executable_path/Frameworks",
					"@executable_path/../../Frameworks",
				);
				MARKETING_VERSION = 1.3.1;
				PRODUCT_BUNDLE_IDENTIFIER = "org.modernism-in-architecture.MIAapp.MIAappWidget";
				PRODUCT_NAME = "$(TARGET_NAME)";
				SKIP_INSTALL = YES;
				SWIFT_EMIT_LOC_STRINGS = YES;
				SWIFT_VERSION = 5.0;
				TARGETED_DEVICE_FAMILY = "1,2";
			};
			name = Release;
		};
		11F55A0C271C546C00BF5E8E /* Debug */ = {
			isa = XCBuildConfiguration;
			baseConfigurationReference = DBC7CBC22D18EC7C008BB12E /* Config.xcconfig */;
			buildSettings = {
				ALWAYS_SEARCH_USER_PATHS = NO;
				ASSETCATALOG_COMPILER_GENERATE_SWIFT_ASSET_SYMBOL_EXTENSIONS = YES;
				CLANG_ANALYZER_NONNULL = YES;
				CLANG_ANALYZER_NUMBER_OBJECT_CONVERSION = YES_AGGRESSIVE;
				CLANG_CXX_LANGUAGE_STANDARD = "gnu++17";
				CLANG_CXX_LIBRARY = "libc++";
				CLANG_ENABLE_MODULES = YES;
				CLANG_ENABLE_OBJC_ARC = YES;
				CLANG_ENABLE_OBJC_WEAK = YES;
				CLANG_WARN_BLOCK_CAPTURE_AUTORELEASING = YES;
				CLANG_WARN_BOOL_CONVERSION = YES;
				CLANG_WARN_COMMA = YES;
				CLANG_WARN_CONSTANT_CONVERSION = YES;
				CLANG_WARN_DEPRECATED_OBJC_IMPLEMENTATIONS = YES;
				CLANG_WARN_DIRECT_OBJC_ISA_USAGE = YES_ERROR;
				CLANG_WARN_DOCUMENTATION_COMMENTS = YES;
				CLANG_WARN_EMPTY_BODY = YES;
				CLANG_WARN_ENUM_CONVERSION = YES;
				CLANG_WARN_INFINITE_RECURSION = YES;
				CLANG_WARN_INT_CONVERSION = YES;
				CLANG_WARN_NON_LITERAL_NULL_CONVERSION = YES;
				CLANG_WARN_OBJC_IMPLICIT_RETAIN_SELF = YES;
				CLANG_WARN_OBJC_LITERAL_CONVERSION = YES;
				CLANG_WARN_OBJC_ROOT_CLASS = YES_ERROR;
				CLANG_WARN_QUOTED_INCLUDE_IN_FRAMEWORK_HEADER = YES;
				CLANG_WARN_RANGE_LOOP_ANALYSIS = YES;
				CLANG_WARN_STRICT_PROTOTYPES = YES;
				CLANG_WARN_SUSPICIOUS_MOVE = YES;
				CLANG_WARN_UNGUARDED_AVAILABILITY = YES_AGGRESSIVE;
				CLANG_WARN_UNREACHABLE_CODE = YES;
				CLANG_WARN__DUPLICATE_METHOD_MATCH = YES;
				COPY_PHASE_STRIP = NO;
				DEBUG_INFORMATION_FORMAT = dwarf;
				ENABLE_STRICT_OBJC_MSGSEND = YES;
				ENABLE_TESTABILITY = YES;
				ENABLE_USER_SCRIPT_SANDBOXING = YES;
				GCC_C_LANGUAGE_STANDARD = gnu11;
				GCC_DYNAMIC_NO_PIC = NO;
				GCC_NO_COMMON_BLOCKS = YES;
				GCC_OPTIMIZATION_LEVEL = 0;
				GCC_PREPROCESSOR_DEFINITIONS = (
					"DEBUG=1",
					"$(inherited)",
				);
				GCC_WARN_64_TO_32_BIT_CONVERSION = YES;
				GCC_WARN_ABOUT_RETURN_TYPE = YES_ERROR;
				GCC_WARN_UNDECLARED_SELECTOR = YES;
				GCC_WARN_UNINITIALIZED_AUTOS = YES_AGGRESSIVE;
				GCC_WARN_UNUSED_FUNCTION = YES;
				GCC_WARN_UNUSED_VARIABLE = YES;
				IPHONEOS_DEPLOYMENT_TARGET = 17.0;
				MTL_ENABLE_DEBUG_INFO = INCLUDE_SOURCE;
				MTL_FAST_MATH = YES;
				ONLY_ACTIVE_ARCH = YES;
				SDKROOT = iphoneos;
				SWIFT_ACTIVE_COMPILATION_CONDITIONS = DEBUG;
				SWIFT_OPTIMIZATION_LEVEL = "-Onone";
			};
			name = Debug;
		};
		11F55A0D271C546C00BF5E8E /* Release */ = {
			isa = XCBuildConfiguration;
			baseConfigurationReference = DBC7CBC22D18EC7C008BB12E /* Config.xcconfig */;
			buildSettings = {
				ALWAYS_SEARCH_USER_PATHS = NO;
				ASSETCATALOG_COMPILER_GENERATE_SWIFT_ASSET_SYMBOL_EXTENSIONS = YES;
				CLANG_ANALYZER_NONNULL = YES;
				CLANG_ANALYZER_NUMBER_OBJECT_CONVERSION = YES_AGGRESSIVE;
				CLANG_CXX_LANGUAGE_STANDARD = "gnu++17";
				CLANG_CXX_LIBRARY = "libc++";
				CLANG_ENABLE_MODULES = YES;
				CLANG_ENABLE_OBJC_ARC = YES;
				CLANG_ENABLE_OBJC_WEAK = YES;
				CLANG_WARN_BLOCK_CAPTURE_AUTORELEASING = YES;
				CLANG_WARN_BOOL_CONVERSION = YES;
				CLANG_WARN_COMMA = YES;
				CLANG_WARN_CONSTANT_CONVERSION = YES;
				CLANG_WARN_DEPRECATED_OBJC_IMPLEMENTATIONS = YES;
				CLANG_WARN_DIRECT_OBJC_ISA_USAGE = YES_ERROR;
				CLANG_WARN_DOCUMENTATION_COMMENTS = YES;
				CLANG_WARN_EMPTY_BODY = YES;
				CLANG_WARN_ENUM_CONVERSION = YES;
				CLANG_WARN_INFINITE_RECURSION = YES;
				CLANG_WARN_INT_CONVERSION = YES;
				CLANG_WARN_NON_LITERAL_NULL_CONVERSION = YES;
				CLANG_WARN_OBJC_IMPLICIT_RETAIN_SELF = YES;
				CLANG_WARN_OBJC_LITERAL_CONVERSION = YES;
				CLANG_WARN_OBJC_ROOT_CLASS = YES_ERROR;
				CLANG_WARN_QUOTED_INCLUDE_IN_FRAMEWORK_HEADER = YES;
				CLANG_WARN_RANGE_LOOP_ANALYSIS = YES;
				CLANG_WARN_STRICT_PROTOTYPES = YES;
				CLANG_WARN_SUSPICIOUS_MOVE = YES;
				CLANG_WARN_UNGUARDED_AVAILABILITY = YES_AGGRESSIVE;
				CLANG_WARN_UNREACHABLE_CODE = YES;
				CLANG_WARN__DUPLICATE_METHOD_MATCH = YES;
				COPY_PHASE_STRIP = NO;
				DEBUG_INFORMATION_FORMAT = "dwarf-with-dsym";
				ENABLE_NS_ASSERTIONS = NO;
				ENABLE_STRICT_OBJC_MSGSEND = YES;
				ENABLE_USER_SCRIPT_SANDBOXING = YES;
				GCC_C_LANGUAGE_STANDARD = gnu11;
				GCC_NO_COMMON_BLOCKS = YES;
				GCC_WARN_64_TO_32_BIT_CONVERSION = YES;
				GCC_WARN_ABOUT_RETURN_TYPE = YES_ERROR;
				GCC_WARN_UNDECLARED_SELECTOR = YES;
				GCC_WARN_UNINITIALIZED_AUTOS = YES_AGGRESSIVE;
				GCC_WARN_UNUSED_FUNCTION = YES;
				GCC_WARN_UNUSED_VARIABLE = YES;
				IPHONEOS_DEPLOYMENT_TARGET = 17.0;
				MTL_ENABLE_DEBUG_INFO = NO;
				MTL_FAST_MATH = YES;
				SDKROOT = iphoneos;
				SWIFT_COMPILATION_MODE = wholemodule;
				SWIFT_OPTIMIZATION_LEVEL = "-O";
				VALIDATE_PRODUCT = YES;
			};
			name = Release;
		};
		11F55A0F271C546C00BF5E8E /* Debug */ = {
			isa = XCBuildConfiguration;
			buildSettings = {
				ASSETCATALOG_COMPILER_APPICON_NAME = "AppIcon-2";
				ASSETCATALOG_COMPILER_GLOBAL_ACCENT_COLOR_NAME = AccentColor;
				ASSETCATALOG_COMPILER_INCLUDE_ALL_APPICON_ASSETS = NO;
				CODE_SIGN_ENTITLEMENTS = MIAapp/MIAappDebug.entitlements;
				CODE_SIGN_IDENTITY = "Apple Development";
				CODE_SIGN_STYLE = Automatic;
				CURRENT_PROJECT_VERSION = 8;
				DEVELOPMENT_ASSET_PATHS = "\"MIAapp/Preview Content\"";
				DEVELOPMENT_TEAM = T4C95573CH;
				ENABLE_PREVIEWS = YES;
				ENABLE_USER_SCRIPT_SANDBOXING = NO;
				GENERATE_INFOPLIST_FILE = YES;
				INFOPLIST_FILE = MIAapp/Info.plist;
				INFOPLIST_KEY_NSLocationWhenInUseUsageDescription = "Um die Mapfunktionen zu nutzen";
				INFOPLIST_KEY_UIApplicationSceneManifest_Generation = YES;
				INFOPLIST_KEY_UIApplicationSupportsIndirectInputEvents = YES;
				INFOPLIST_KEY_UILaunchScreen_Generation = YES;
				INFOPLIST_KEY_UISupportedInterfaceOrientations_iPad = "UIInterfaceOrientationPortrait UIInterfaceOrientationPortraitUpsideDown UIInterfaceOrientationLandscapeLeft UIInterfaceOrientationLandscapeRight";
				INFOPLIST_KEY_UISupportedInterfaceOrientations_iPhone = "UIInterfaceOrientationPortrait UIInterfaceOrientationLandscapeLeft UIInterfaceOrientationLandscapeRight";
				IPHONEOS_DEPLOYMENT_TARGET = 17.6;
				LD_RUNPATH_SEARCH_PATHS = (
					"$(inherited)",
					"@executable_path/Frameworks",
				);
				MARKETING_VERSION = 1.3.1;
				PRODUCT_BUNDLE_IDENTIFIER = "org.modernism-in-architecture.MIAapp";
				PRODUCT_NAME = MIA;
				PROVISIONING_PROFILE_SPECIFIER = "";
				SWIFT_EMIT_LOC_STRINGS = YES;
				SWIFT_VERSION = 5.10;
				TARGETED_DEVICE_FAMILY = 1;
			};
			name = Debug;
		};
		11F55A10271C546C00BF5E8E /* Release */ = {
			isa = XCBuildConfiguration;
			buildSettings = {
				ASSETCATALOG_COMPILER_APPICON_NAME = "AppIcon-2";
				ASSETCATALOG_COMPILER_GLOBAL_ACCENT_COLOR_NAME = AccentColor;
				ASSETCATALOG_COMPILER_INCLUDE_ALL_APPICON_ASSETS = NO;
				CODE_SIGN_ENTITLEMENTS = MIAapp/MIAappRelease.entitlements;
				CODE_SIGN_IDENTITY = "Apple Development";
				CODE_SIGN_STYLE = Automatic;
				CURRENT_PROJECT_VERSION = 8;
				DEVELOPMENT_ASSET_PATHS = "\"MIAapp/Preview Content\"";
				DEVELOPMENT_TEAM = T4C95573CH;
				ENABLE_PREVIEWS = YES;
				ENABLE_USER_SCRIPT_SANDBOXING = NO;
				GENERATE_INFOPLIST_FILE = YES;
				INFOPLIST_FILE = MIAapp/Info.plist;
				INFOPLIST_KEY_NSLocationWhenInUseUsageDescription = "Um die Mapfunktionen zu nutzen";
				INFOPLIST_KEY_UIApplicationSceneManifest_Generation = YES;
				INFOPLIST_KEY_UIApplicationSupportsIndirectInputEvents = YES;
				INFOPLIST_KEY_UILaunchScreen_Generation = YES;
				INFOPLIST_KEY_UISupportedInterfaceOrientations_iPad = "UIInterfaceOrientationPortrait UIInterfaceOrientationPortraitUpsideDown UIInterfaceOrientationLandscapeLeft UIInterfaceOrientationLandscapeRight";
				INFOPLIST_KEY_UISupportedInterfaceOrientations_iPhone = "UIInterfaceOrientationPortrait UIInterfaceOrientationLandscapeLeft UIInterfaceOrientationLandscapeRight";
				IPHONEOS_DEPLOYMENT_TARGET = 17.6;
				LD_RUNPATH_SEARCH_PATHS = (
					"$(inherited)",
					"@executable_path/Frameworks",
				);
				MARKETING_VERSION = 1.3.1;
				PRODUCT_BUNDLE_IDENTIFIER = "org.modernism-in-architecture.MIAapp";
				PRODUCT_NAME = MIA;
				PROVISIONING_PROFILE_SPECIFIER = "";
				SWIFT_EMIT_LOC_STRINGS = YES;
				SWIFT_VERSION = 5.10;
				TARGETED_DEVICE_FAMILY = 1;
			};
			name = Release;
		};
/* End XCBuildConfiguration section */

/* Begin XCConfigurationList section */
		11AFF151288F40D400BD2ADC /* Build configuration list for PBXNativeTarget "MIAappWidgetExtension" */ = {
			isa = XCConfigurationList;
			buildConfigurations = (
				11AFF14F288F40D400BD2ADC /* Debug */,
				11AFF150288F40D400BD2ADC /* Release */,
			);
			defaultConfigurationIsVisible = 0;
			defaultConfigurationName = Release;
		};
		11F559FB271C546800BF5E8E /* Build configuration list for PBXProject "MIAapp" */ = {
			isa = XCConfigurationList;
			buildConfigurations = (
				11F55A0C271C546C00BF5E8E /* Debug */,
				11F55A0D271C546C00BF5E8E /* Release */,
			);
			defaultConfigurationIsVisible = 0;
			defaultConfigurationName = Release;
		};
		11F55A0E271C546C00BF5E8E /* Build configuration list for PBXNativeTarget "MIAapp" */ = {
			isa = XCConfigurationList;
			buildConfigurations = (
				11F55A0F271C546C00BF5E8E /* Debug */,
				11F55A10271C546C00BF5E8E /* Release */,
			);
			defaultConfigurationIsVisible = 0;
			defaultConfigurationName = Release;
		};
/* End XCConfigurationList section */

/* Begin XCSwiftPackageProductDependency section */
		D22D7B4A2D39A81F00DB1015 /* MIAPackages */ = {
			isa = XCSwiftPackageProductDependency;
			productName = MIAPackages;
		};
		D2D004B72D39A522006F3A49 /* MIAPackages */ = {
			isa = XCSwiftPackageProductDependency;
			productName = MIAPackages;
		};
/* End XCSwiftPackageProductDependency section */
	};
	rootObject = 11F559F8271C546800BF5E8E /* Project object */;
}
