// !$*UTF8*$!
{
	archiveVersion = 1;
	classes = {
	};
	objectVersion = 55;
	objects = {

/* Begin PBXBuildFile section */
		1103C26E27BAD7570064D1E5 /* Error.swift in Sources */ = {isa = PBXBuildFile; fileRef = 1103C26D27BAD7570064D1E5 /* Error.swift */; };
		1103C27027BAD82A0064D1E5 /* MIAClient.swift in Sources */ = {isa = PBXBuildFile; fileRef = 1103C26F27BAD82A0064D1E5 /* MIAClient.swift */; };
		1103C27227BAE41B0064D1E5 /* MIAErrorView.swift in Sources */ = {isa = PBXBuildFile; fileRef = 1103C27127BAE41B0064D1E5 /* MIAErrorView.swift */; };
		1110E32D2843E2240037F65C /* BuildingSwipeGalleryImageView.swift in Sources */ = {isa = PBXBuildFile; fileRef = 1110E32C2843E2240037F65C /* BuildingSwipeGalleryImageView.swift */; };
		111BB26E2842754000FF72F1 /* BuildingDetailView.swift in Sources */ = {isa = PBXBuildFile; fileRef = 111BB26D2842754000FF72F1 /* BuildingDetailView.swift */; };
		111BB2702842AD5200FF72F1 /* BuildingsListSuccessView.swift in Sources */ = {isa = PBXBuildFile; fileRef = 111BB26F2842AD5200FF72F1 /* BuildingsListSuccessView.swift */; };
		111BB2722842B79F00FF72F1 /* MIAAsyncHeaderImage.swift in Sources */ = {isa = PBXBuildFile; fileRef = 111BB2712842B79F00FF72F1 /* MIAAsyncHeaderImage.swift */; };
		1120DC62272990CA007E9806 /* MIAMapViewModel.swift in Sources */ = {isa = PBXBuildFile; fileRef = 1120DC61272990CA007E9806 /* MIAMapViewModel.swift */; };
		112CED0A27CE99E5007BE46B /* MIAToolBarLogo.swift in Sources */ = {isa = PBXBuildFile; fileRef = 112CED0927CE99E5007BE46B /* MIAToolBarLogo.swift */; };
		1131C90F271DC2B300DE3FAA /* BuildingsListCellView.swift in Sources */ = {isa = PBXBuildFile; fileRef = 1131C90E271DC2B300DE3FAA /* BuildingsListCellView.swift */; };
		1131C911271DE67F00DE3FAA /* MIAMapView.swift in Sources */ = {isa = PBXBuildFile; fileRef = 1131C910271DE67F00DE3FAA /* MIAMapView.swift */; };
		113478A4272B2B7700C94E69 /* MIAMapPinView.swift in Sources */ = {isa = PBXBuildFile; fileRef = 113478A3272B2B7700C94E69 /* MIAMapPinView.swift */; };
		113BA80027AF4F4C0033E0E6 /* ArchitectsListViewModel.swift in Sources */ = {isa = PBXBuildFile; fileRef = 113BA7FF27AF4F4C0033E0E6 /* ArchitectsListViewModel.swift */; };
		113BA80327AF57450033E0E6 /* ArchitectsListView.swift in Sources */ = {isa = PBXBuildFile; fileRef = 113BA80227AF57450033E0E6 /* ArchitectsListView.swift */; };
		11521950289EDDB40090F324 /* BookmarksViewModel.swift in Sources */ = {isa = PBXBuildFile; fileRef = 1152194F289EDDB40090F324 /* BookmarksViewModel.swift */; };
		11521954289EECD50090F324 /* CloudKit.framework in Frameworks */ = {isa = PBXBuildFile; fileRef = 11521953289EECD50090F324 /* CloudKit.framework */; };
		1152BF7427A70D47004EBD97 /* API.swift in Sources */ = {isa = PBXBuildFile; fileRef = 1152BF7327A70D47004EBD97 /* API.swift */; };
		1152BF7527A736A4004EBD97 /* BuildingDetailGridGalleryView.swift in Sources */ = {isa = PBXBuildFile; fileRef = 1163482E27245E0700547A28 /* BuildingDetailGridGalleryView.swift */; };
		1152BF7627A737C4004EBD97 /* BuildingSwipeGalleryView.swift in Sources */ = {isa = PBXBuildFile; fileRef = 11E197BA27405DF800D1DADA /* BuildingSwipeGalleryView.swift */; };
		1152BF7827A7399B004EBD97 /* Extensions.swift in Sources */ = {isa = PBXBuildFile; fileRef = 1152BF7727A7399B004EBD97 /* Extensions.swift */; };
		1163482B272438FB00547A28 /* BuildingViewModel.swift in Sources */ = {isa = PBXBuildFile; fileRef = 1163482A272438FB00547A28 /* BuildingViewModel.swift */; };
		1168107027C1378100A62DD8 /* TabController.swift in Sources */ = {isa = PBXBuildFile; fileRef = 1168106F27C1378100A62DD8 /* TabController.swift */; };
		118680DA27B5B0360008C589 /* MIAFoldableText.swift in Sources */ = {isa = PBXBuildFile; fileRef = 118680D927B5B0360008C589 /* MIAFoldableText.swift */; };
		11907CA327B30B8800CC5368 /* LoadingState.swift in Sources */ = {isa = PBXBuildFile; fileRef = 11907CA227B30B8800CC5368 /* LoadingState.swift */; };
		11907CA527B30BCD00CC5368 /* ArchitectDetailView.swift in Sources */ = {isa = PBXBuildFile; fileRef = 11907CA427B30BCD00CC5368 /* ArchitectDetailView.swift */; };
		11907CA727B30C3F00CC5368 /* ArchitectViewModel.swift in Sources */ = {isa = PBXBuildFile; fileRef = 11907CA627B30C3F00CC5368 /* ArchitectViewModel.swift */; };
		11A3E55427B4853800423B65 /* MIASection.swift in Sources */ = {isa = PBXBuildFile; fileRef = 11A3E55327B4853800423B65 /* MIASection.swift */; };
		11A51910286A438400312486 /* BookmarksView.swift in Sources */ = {isa = PBXBuildFile; fileRef = 11A5190F286A438400312486 /* BookmarksView.swift */; };
		11A51915286A515900312486 /* BookmarkToolbarView.swift in Sources */ = {isa = PBXBuildFile; fileRef = 11A51914286A515900312486 /* BookmarkToolbarView.swift */; };
		11A8471E2846A15C00AF68F4 /* ArchitectsListSuccessView.swift in Sources */ = {isa = PBXBuildFile; fileRef = 11A8471D2846A15C00AF68F4 /* ArchitectsListSuccessView.swift */; };
		11A847202846AC2100AF68F4 /* MIASectionIndexView.swift in Sources */ = {isa = PBXBuildFile; fileRef = 11A8471F2846AC2100AF68F4 /* MIASectionIndexView.swift */; };
		11A847222846D19600AF68F4 /* MIAShareView.swift in Sources */ = {isa = PBXBuildFile; fileRef = 11A847212846D19600AF68F4 /* MIAShareView.swift */; };
		11A847242846E84A00AF68F4 /* ArchitectView.swift in Sources */ = {isa = PBXBuildFile; fileRef = 11A847232846E84A00AF68F4 /* ArchitectView.swift */; };
		11AFF142288F40D200BD2ADC /* WidgetKit.framework in Frameworks */ = {isa = PBXBuildFile; fileRef = 11AFF141288F40D200BD2ADC /* WidgetKit.framework */; };
		11AFF144288F40D200BD2ADC /* SwiftUI.framework in Frameworks */ = {isa = PBXBuildFile; fileRef = 11AFF143288F40D200BD2ADC /* SwiftUI.framework */; };
		11AFF149288F40D400BD2ADC /* Assets.xcassets in Resources */ = {isa = PBXBuildFile; fileRef = 11AFF148288F40D400BD2ADC /* Assets.xcassets */; };
		11AFF14D288F40D400BD2ADC /* MIAappWidgetExtension.appex in Embed App Extensions */ = {isa = PBXBuildFile; fileRef = 11AFF13F288F40D200BD2ADC /* MIAappWidgetExtension.appex */; settings = {ATTRIBUTES = (RemoveHeadersOnCopy, ); }; };
		11AFF158288F5CE700BD2ADC /* Media.xcassets in Resources */ = {isa = PBXBuildFile; fileRef = 11FAA9B62725F3D200692DA3 /* Media.xcassets */; };
		11C2032427B9C6A700C3D328 /* MIAActivityIndicator.swift in Sources */ = {isa = PBXBuildFile; fileRef = 11C2032327B9C6A700C3D328 /* MIAActivityIndicator.swift */; };
		11C478A127973BF7001C9D21 /* Secret.swift in Sources */ = {isa = PBXBuildFile; fileRef = 11C478A027973BF7001C9D21 /* Secret.swift */; };
		11C478A227974794001C9D21 /* BuildingView.swift in Sources */ = {isa = PBXBuildFile; fileRef = 118E2ED52722053C001B5F50 /* BuildingView.swift */; };
		11E5E5692847AF3D0021D22A /* MIASearchBar.swift in Sources */ = {isa = PBXBuildFile; fileRef = 11E5E5682847AF3D0021D22A /* MIASearchBar.swift */; };
		11E5E56B2847C1310021D22A /* MIASearchButton.swift in Sources */ = {isa = PBXBuildFile; fileRef = 11E5E56A2847C1310021D22A /* MIASearchButton.swift */; };
		11F55A04271C546800BF5E8E /* MIAappApp.swift in Sources */ = {isa = PBXBuildFile; fileRef = 11F55A03271C546800BF5E8E /* MIAappApp.swift */; };
		11F55A06271C546800BF5E8E /* ContentView.swift in Sources */ = {isa = PBXBuildFile; fileRef = 11F55A05271C546800BF5E8E /* ContentView.swift */; };
		11F55A08271C546C00BF5E8E /* Assets.xcassets in Resources */ = {isa = PBXBuildFile; fileRef = 11F55A07271C546C00BF5E8E /* Assets.xcassets */; };
		11F55A0B271C546C00BF5E8E /* Preview Assets.xcassets in Resources */ = {isa = PBXBuildFile; fileRef = 11F55A0A271C546C00BF5E8E /* Preview Assets.xcassets */; };
		11F55A13271C56EC00BF5E8E /* Building.swift in Sources */ = {isa = PBXBuildFile; fileRef = 11F55A12271C56EC00BF5E8E /* Building.swift */; };
		11F55A15271C574300BF5E8E /* BuildingsListViewModel.swift in Sources */ = {isa = PBXBuildFile; fileRef = 11F55A14271C574300BF5E8E /* BuildingsListViewModel.swift */; };
		11F55A17271C5A6400BF5E8E /* BuildingsListView.swift in Sources */ = {isa = PBXBuildFile; fileRef = 11F55A16271C5A6400BF5E8E /* BuildingsListView.swift */; };
		11F55A1A271CACC900BF5E8E /* Colors.xcassets in Resources */ = {isa = PBXBuildFile; fileRef = 11F55A19271CACC800BF5E8E /* Colors.xcassets */; };
		11F55A1C271CAD2A00BF5E8E /* Constants.swift in Sources */ = {isa = PBXBuildFile; fileRef = 11F55A1B271CAD2A00BF5E8E /* Constants.swift */; };
		11FAA9B52725DC8600692DA3 /* BuildingDetailMapView.swift in Sources */ = {isa = PBXBuildFile; fileRef = 11FAA9B42725DC8600692DA3 /* BuildingDetailMapView.swift */; };
		11FAA9B72725F3D200692DA3 /* Media.xcassets in Resources */ = {isa = PBXBuildFile; fileRef = 11FAA9B62725F3D200692DA3 /* Media.xcassets */; };
		DB20763B2A54A53600106FC0 /* MIAAsyncImageView.swift in Sources */ = {isa = PBXBuildFile; fileRef = DB20763A2A54A53600106FC0 /* MIAAsyncImageView.swift */; };
		DB20763D2A54A54800106FC0 /* MIAAsyncImageViewModel.swift in Sources */ = {isa = PBXBuildFile; fileRef = DB20763C2A54A54800106FC0 /* MIAAsyncImageViewModel.swift */; };
		DB71E6882A58A34200315D11 /* BuildingsManager.swift in Sources */ = {isa = PBXBuildFile; fileRef = DB71E6872A58A34200315D11 /* BuildingsManager.swift */; };
		DB71E68E2A597F4300315D11 /* APIBuilding.swift in Sources */ = {isa = PBXBuildFile; fileRef = DB71E68D2A597F4300315D11 /* APIBuilding.swift */; };
		DB71E6912A5980CB00315D11 /* BuildingsMapper.swift in Sources */ = {isa = PBXBuildFile; fileRef = DB71E6902A5980CB00315D11 /* BuildingsMapper.swift */; };
		DB71E6972A5B44F100315D11 /* APIBuildingDetail.swift in Sources */ = {isa = PBXBuildFile; fileRef = DB71E6962A5B44F100315D11 /* APIBuildingDetail.swift */; };
		DB71E69A2A5B459E00315D11 /* BuildingDetail.swift in Sources */ = {isa = PBXBuildFile; fileRef = DB71E6992A5B459E00315D11 /* BuildingDetail.swift */; };
		DB71E69F2A5C7A2A00315D11 /* APIArchitect.swift in Sources */ = {isa = PBXBuildFile; fileRef = DB71E69E2A5C7A2A00315D11 /* APIArchitect.swift */; };
		DB71E6A12A5C7D1400315D11 /* APIArchitectDetail.swift in Sources */ = {isa = PBXBuildFile; fileRef = DB71E6A02A5C7D1400315D11 /* APIArchitectDetail.swift */; };
		DB71E6A32A5C809F00315D11 /* ArchitectsMapper.swift in Sources */ = {isa = PBXBuildFile; fileRef = DB71E6A22A5C809F00315D11 /* ArchitectsMapper.swift */; };
		DB71E6A52A5C80EC00315D11 /* Architect.swift in Sources */ = {isa = PBXBuildFile; fileRef = DB71E6A42A5C80EC00315D11 /* Architect.swift */; };
		DB71E6A72A5C841300315D11 /* ArchitectDetail.swift in Sources */ = {isa = PBXBuildFile; fileRef = DB71E6A62A5C841300315D11 /* ArchitectDetail.swift */; };
		DB71E6AC2A63F1BB00315D11 /* ArchitectsManager.swift in Sources */ = {isa = PBXBuildFile; fileRef = DB71E6AB2A63F1BB00315D11 /* ArchitectsManager.swift */; };
		DB71E6E72A641C7C00315D11 /* Building.swift in Sources */ = {isa = PBXBuildFile; fileRef = 11F55A12271C56EC00BF5E8E /* Building.swift */; };
		DB71E6EA2A641DA700315D11 /* Constants.swift in Sources */ = {isa = PBXBuildFile; fileRef = 11F55A1B271CAD2A00BF5E8E /* Constants.swift */; };
		DB71E6EB2A641DEA00315D11 /* MIAappWidget.swift in Sources */ = {isa = PBXBuildFile; fileRef = 11AFF146288F40D200BD2ADC /* MIAappWidget.swift */; };
		DB71E6EC2A641E3600315D11 /* BuildingsManager.swift in Sources */ = {isa = PBXBuildFile; fileRef = DB71E6872A58A34200315D11 /* BuildingsManager.swift */; };
		DB71E6ED2A641E4700315D11 /* BuildingsMapper.swift in Sources */ = {isa = PBXBuildFile; fileRef = DB71E6902A5980CB00315D11 /* BuildingsMapper.swift */; };
		DB71E6EE2A641E7100315D11 /* MIAClient.swift in Sources */ = {isa = PBXBuildFile; fileRef = 1103C26F27BAD82A0064D1E5 /* MIAClient.swift */; };
		DB71E6EF2A641E8400315D11 /* API.swift in Sources */ = {isa = PBXBuildFile; fileRef = 1152BF7327A70D47004EBD97 /* API.swift */; };
		DB71E6F02A641EA800315D11 /* BuildingDetail.swift in Sources */ = {isa = PBXBuildFile; fileRef = DB71E6992A5B459E00315D11 /* BuildingDetail.swift */; };
		DB71E6F12A641EBF00315D11 /* APIBuilding.swift in Sources */ = {isa = PBXBuildFile; fileRef = DB71E68D2A597F4300315D11 /* APIBuilding.swift */; };
		DB71E6F22A641EEB00315D11 /* APIBuildingDetail.swift in Sources */ = {isa = PBXBuildFile; fileRef = DB71E6962A5B44F100315D11 /* APIBuildingDetail.swift */; };
		DB71E6F32A641F2900315D11 /* MIAToolBarLogo.swift in Sources */ = {isa = PBXBuildFile; fileRef = 112CED0927CE99E5007BE46B /* MIAToolBarLogo.swift */; };
		DB71E6F42A641F6F00315D11 /* Secret.swift in Sources */ = {isa = PBXBuildFile; fileRef = 11C478A027973BF7001C9D21 /* Secret.swift */; };
		DB71E6F52A641FA500315D11 /* Error.swift in Sources */ = {isa = PBXBuildFile; fileRef = 1103C26D27BAD7570064D1E5 /* Error.swift */; };
		DB71E6F72A64201C00315D11 /* String+fromHtmlToAttributed.swift in Sources */ = {isa = PBXBuildFile; fileRef = DB71E6F62A64201C00315D11 /* String+fromHtmlToAttributed.swift */; };
		DB71E6F82A64201C00315D11 /* String+fromHtmlToAttributed.swift in Sources */ = {isa = PBXBuildFile; fileRef = DB71E6F62A64201C00315D11 /* String+fromHtmlToAttributed.swift */; };
		DB71E6F92A6420CC00315D11 /* ImageCacheManager.swift in Sources */ = {isa = PBXBuildFile; fileRef = DBEAD8242A5366DA009A9E9B /* ImageCacheManager.swift */; };
		DBEAD8252A5366DA009A9E9B /* ImageCacheManager.swift in Sources */ = {isa = PBXBuildFile; fileRef = DBEAD8242A5366DA009A9E9B /* ImageCacheManager.swift */; };
/* End PBXBuildFile section */

/* Begin PBXContainerItemProxy section */
		11AFF14B288F40D400BD2ADC /* PBXContainerItemProxy */ = {
			isa = PBXContainerItemProxy;
			containerPortal = 11F559F8271C546800BF5E8E /* Project object */;
			proxyType = 1;
			remoteGlobalIDString = 11AFF13E288F40D200BD2ADC;
			remoteInfo = MIAappWidgetExtension;
		};
/* End PBXContainerItemProxy section */

/* Begin PBXCopyFilesBuildPhase section */
		11AFF14E288F40D400BD2ADC /* Embed App Extensions */ = {
			isa = PBXCopyFilesBuildPhase;
			buildActionMask = 2147483647;
			dstPath = "";
			dstSubfolderSpec = 13;
			files = (
				11AFF14D288F40D400BD2ADC /* MIAappWidgetExtension.appex in Embed App Extensions */,
			);
			name = "Embed App Extensions";
			runOnlyForDeploymentPostprocessing = 0;
		};
/* End PBXCopyFilesBuildPhase section */

/* Begin PBXFileReference section */
		1103C26D27BAD7570064D1E5 /* Error.swift */ = {isa = PBXFileReference; lastKnownFileType = sourcecode.swift; path = Error.swift; sourceTree = "<group>"; };
		1103C26F27BAD82A0064D1E5 /* MIAClient.swift */ = {isa = PBXFileReference; lastKnownFileType = sourcecode.swift; path = MIAClient.swift; sourceTree = "<group>"; };
		1103C27127BAE41B0064D1E5 /* MIAErrorView.swift */ = {isa = PBXFileReference; lastKnownFileType = sourcecode.swift; path = MIAErrorView.swift; sourceTree = "<group>"; };
		1110E32C2843E2240037F65C /* BuildingSwipeGalleryImageView.swift */ = {isa = PBXFileReference; lastKnownFileType = sourcecode.swift; path = BuildingSwipeGalleryImageView.swift; sourceTree = "<group>"; };
		111BB26D2842754000FF72F1 /* BuildingDetailView.swift */ = {isa = PBXFileReference; lastKnownFileType = sourcecode.swift; path = BuildingDetailView.swift; sourceTree = "<group>"; };
		111BB26F2842AD5200FF72F1 /* BuildingsListSuccessView.swift */ = {isa = PBXFileReference; lastKnownFileType = sourcecode.swift; path = BuildingsListSuccessView.swift; sourceTree = "<group>"; };
		111BB2712842B79F00FF72F1 /* MIAAsyncHeaderImage.swift */ = {isa = PBXFileReference; lastKnownFileType = sourcecode.swift; path = MIAAsyncHeaderImage.swift; sourceTree = "<group>"; };
		1120DC61272990CA007E9806 /* MIAMapViewModel.swift */ = {isa = PBXFileReference; lastKnownFileType = sourcecode.swift; path = MIAMapViewModel.swift; sourceTree = "<group>"; };
		112CED0927CE99E5007BE46B /* MIAToolBarLogo.swift */ = {isa = PBXFileReference; lastKnownFileType = sourcecode.swift; path = MIAToolBarLogo.swift; sourceTree = "<group>"; };
		1131C90E271DC2B300DE3FAA /* BuildingsListCellView.swift */ = {isa = PBXFileReference; lastKnownFileType = sourcecode.swift; path = BuildingsListCellView.swift; sourceTree = "<group>"; };
		1131C910271DE67F00DE3FAA /* MIAMapView.swift */ = {isa = PBXFileReference; lastKnownFileType = sourcecode.swift; path = MIAMapView.swift; sourceTree = "<group>"; };
		113478A3272B2B7700C94E69 /* MIAMapPinView.swift */ = {isa = PBXFileReference; lastKnownFileType = sourcecode.swift; path = MIAMapPinView.swift; sourceTree = "<group>"; };
		113BA7FF27AF4F4C0033E0E6 /* ArchitectsListViewModel.swift */ = {isa = PBXFileReference; lastKnownFileType = sourcecode.swift; path = ArchitectsListViewModel.swift; sourceTree = "<group>"; };
		113BA80227AF57450033E0E6 /* ArchitectsListView.swift */ = {isa = PBXFileReference; lastKnownFileType = sourcecode.swift; path = ArchitectsListView.swift; sourceTree = "<group>"; };
		1152194F289EDDB40090F324 /* BookmarksViewModel.swift */ = {isa = PBXFileReference; lastKnownFileType = sourcecode.swift; path = BookmarksViewModel.swift; sourceTree = "<group>"; };
		11521951289EECCE0090F324 /* MIAappRelease.entitlements */ = {isa = PBXFileReference; lastKnownFileType = text.plist.entitlements; path = MIAappRelease.entitlements; sourceTree = "<group>"; };
		11521953289EECD50090F324 /* CloudKit.framework */ = {isa = PBXFileReference; lastKnownFileType = wrapper.framework; name = CloudKit.framework; path = System/Library/Frameworks/CloudKit.framework; sourceTree = SDKROOT; };
		1152BF7327A70D47004EBD97 /* API.swift */ = {isa = PBXFileReference; lastKnownFileType = sourcecode.swift; path = API.swift; sourceTree = "<group>"; };
		1152BF7727A7399B004EBD97 /* Extensions.swift */ = {isa = PBXFileReference; lastKnownFileType = sourcecode.swift; path = Extensions.swift; sourceTree = "<group>"; };
		1163482A272438FB00547A28 /* BuildingViewModel.swift */ = {isa = PBXFileReference; lastKnownFileType = sourcecode.swift; path = BuildingViewModel.swift; sourceTree = "<group>"; };
		1163482E27245E0700547A28 /* BuildingDetailGridGalleryView.swift */ = {isa = PBXFileReference; lastKnownFileType = sourcecode.swift; path = BuildingDetailGridGalleryView.swift; sourceTree = "<group>"; };
		1168106F27C1378100A62DD8 /* TabController.swift */ = {isa = PBXFileReference; lastKnownFileType = sourcecode.swift; path = TabController.swift; sourceTree = "<group>"; };
		118680D927B5B0360008C589 /* MIAFoldableText.swift */ = {isa = PBXFileReference; lastKnownFileType = sourcecode.swift; path = MIAFoldableText.swift; sourceTree = "<group>"; };
		118E2ED52722053C001B5F50 /* BuildingView.swift */ = {isa = PBXFileReference; lastKnownFileType = sourcecode.swift; path = BuildingView.swift; sourceTree = "<group>"; };
		11907CA227B30B8800CC5368 /* LoadingState.swift */ = {isa = PBXFileReference; lastKnownFileType = sourcecode.swift; path = LoadingState.swift; sourceTree = "<group>"; };
		11907CA427B30BCD00CC5368 /* ArchitectDetailView.swift */ = {isa = PBXFileReference; lastKnownFileType = sourcecode.swift; path = ArchitectDetailView.swift; sourceTree = "<group>"; };
		11907CA627B30C3F00CC5368 /* ArchitectViewModel.swift */ = {isa = PBXFileReference; lastKnownFileType = sourcecode.swift; path = ArchitectViewModel.swift; sourceTree = "<group>"; };
		11A3E55327B4853800423B65 /* MIASection.swift */ = {isa = PBXFileReference; lastKnownFileType = sourcecode.swift; path = MIASection.swift; sourceTree = "<group>"; };
		11A5190F286A438400312486 /* BookmarksView.swift */ = {isa = PBXFileReference; lastKnownFileType = sourcecode.swift; path = BookmarksView.swift; sourceTree = "<group>"; };
		11A51914286A515900312486 /* BookmarkToolbarView.swift */ = {isa = PBXFileReference; lastKnownFileType = sourcecode.swift; path = BookmarkToolbarView.swift; sourceTree = "<group>"; };
		11A8471D2846A15C00AF68F4 /* ArchitectsListSuccessView.swift */ = {isa = PBXFileReference; lastKnownFileType = sourcecode.swift; path = ArchitectsListSuccessView.swift; sourceTree = "<group>"; };
		11A8471F2846AC2100AF68F4 /* MIASectionIndexView.swift */ = {isa = PBXFileReference; lastKnownFileType = sourcecode.swift; path = MIASectionIndexView.swift; sourceTree = "<group>"; };
		11A847212846D19600AF68F4 /* MIAShareView.swift */ = {isa = PBXFileReference; lastKnownFileType = sourcecode.swift; path = MIAShareView.swift; sourceTree = "<group>"; };
		11A847232846E84A00AF68F4 /* ArchitectView.swift */ = {isa = PBXFileReference; lastKnownFileType = sourcecode.swift; path = ArchitectView.swift; sourceTree = "<group>"; };
		11AFF13F288F40D200BD2ADC /* MIAappWidgetExtension.appex */ = {isa = PBXFileReference; explicitFileType = "wrapper.app-extension"; includeInIndex = 0; path = MIAappWidgetExtension.appex; sourceTree = BUILT_PRODUCTS_DIR; };
		11AFF141288F40D200BD2ADC /* WidgetKit.framework */ = {isa = PBXFileReference; lastKnownFileType = wrapper.framework; name = WidgetKit.framework; path = System/Library/Frameworks/WidgetKit.framework; sourceTree = SDKROOT; };
		11AFF143288F40D200BD2ADC /* SwiftUI.framework */ = {isa = PBXFileReference; lastKnownFileType = wrapper.framework; name = SwiftUI.framework; path = System/Library/Frameworks/SwiftUI.framework; sourceTree = SDKROOT; };
		11AFF146288F40D200BD2ADC /* MIAappWidget.swift */ = {isa = PBXFileReference; lastKnownFileType = sourcecode.swift; path = MIAappWidget.swift; sourceTree = "<group>"; };
		11AFF148288F40D400BD2ADC /* Assets.xcassets */ = {isa = PBXFileReference; lastKnownFileType = folder.assetcatalog; path = Assets.xcassets; sourceTree = "<group>"; };
		11AFF14A288F40D400BD2ADC /* Info.plist */ = {isa = PBXFileReference; lastKnownFileType = text.plist.xml; path = Info.plist; sourceTree = "<group>"; };
		11C2032327B9C6A700C3D328 /* MIAActivityIndicator.swift */ = {isa = PBXFileReference; lastKnownFileType = sourcecode.swift; path = MIAActivityIndicator.swift; sourceTree = "<group>"; };
		11C478A027973BF7001C9D21 /* Secret.swift */ = {isa = PBXFileReference; lastKnownFileType = sourcecode.swift; path = Secret.swift; sourceTree = "<group>"; };
		11DCCE4A289EF4DF0086418D /* MIAappDebug.entitlements */ = {isa = PBXFileReference; lastKnownFileType = text.plist.entitlements; path = MIAappDebug.entitlements; sourceTree = "<group>"; };
		11E197BA27405DF800D1DADA /* BuildingSwipeGalleryView.swift */ = {isa = PBXFileReference; lastKnownFileType = sourcecode.swift; path = BuildingSwipeGalleryView.swift; sourceTree = "<group>"; };
		11E5E5682847AF3D0021D22A /* MIASearchBar.swift */ = {isa = PBXFileReference; lastKnownFileType = sourcecode.swift; path = MIASearchBar.swift; sourceTree = "<group>"; };
		11E5E56A2847C1310021D22A /* MIASearchButton.swift */ = {isa = PBXFileReference; lastKnownFileType = sourcecode.swift; path = MIASearchButton.swift; sourceTree = "<group>"; };
		11F55A00271C546800BF5E8E /* MIA.app */ = {isa = PBXFileReference; explicitFileType = wrapper.application; includeInIndex = 0; path = MIA.app; sourceTree = BUILT_PRODUCTS_DIR; };
		11F55A03271C546800BF5E8E /* MIAappApp.swift */ = {isa = PBXFileReference; lastKnownFileType = sourcecode.swift; path = MIAappApp.swift; sourceTree = "<group>"; };
		11F55A05271C546800BF5E8E /* ContentView.swift */ = {isa = PBXFileReference; lastKnownFileType = sourcecode.swift; path = ContentView.swift; sourceTree = "<group>"; };
		11F55A07271C546C00BF5E8E /* Assets.xcassets */ = {isa = PBXFileReference; lastKnownFileType = folder.assetcatalog; path = Assets.xcassets; sourceTree = "<group>"; };
		11F55A0A271C546C00BF5E8E /* Preview Assets.xcassets */ = {isa = PBXFileReference; lastKnownFileType = folder.assetcatalog; path = "Preview Assets.xcassets"; sourceTree = "<group>"; };
		11F55A12271C56EC00BF5E8E /* Building.swift */ = {isa = PBXFileReference; lastKnownFileType = sourcecode.swift; path = Building.swift; sourceTree = "<group>"; };
		11F55A14271C574300BF5E8E /* BuildingsListViewModel.swift */ = {isa = PBXFileReference; lastKnownFileType = sourcecode.swift; path = BuildingsListViewModel.swift; sourceTree = "<group>"; };
		11F55A16271C5A6400BF5E8E /* BuildingsListView.swift */ = {isa = PBXFileReference; lastKnownFileType = sourcecode.swift; path = BuildingsListView.swift; sourceTree = "<group>"; };
		11F55A19271CACC800BF5E8E /* Colors.xcassets */ = {isa = PBXFileReference; lastKnownFileType = folder.assetcatalog; path = Colors.xcassets; sourceTree = "<group>"; };
		11F55A1B271CAD2A00BF5E8E /* Constants.swift */ = {isa = PBXFileReference; lastKnownFileType = sourcecode.swift; path = Constants.swift; sourceTree = "<group>"; };
		11FAA9B42725DC8600692DA3 /* BuildingDetailMapView.swift */ = {isa = PBXFileReference; lastKnownFileType = sourcecode.swift; path = BuildingDetailMapView.swift; sourceTree = "<group>"; };
		11FAA9B62725F3D200692DA3 /* Media.xcassets */ = {isa = PBXFileReference; lastKnownFileType = folder.assetcatalog; path = Media.xcassets; sourceTree = "<group>"; };
		DB20763A2A54A53600106FC0 /* MIAAsyncImageView.swift */ = {isa = PBXFileReference; lastKnownFileType = sourcecode.swift; path = MIAAsyncImageView.swift; sourceTree = "<group>"; };
		DB20763C2A54A54800106FC0 /* MIAAsyncImageViewModel.swift */ = {isa = PBXFileReference; lastKnownFileType = sourcecode.swift; path = MIAAsyncImageViewModel.swift; sourceTree = "<group>"; };
		DB71E6872A58A34200315D11 /* BuildingsManager.swift */ = {isa = PBXFileReference; lastKnownFileType = sourcecode.swift; path = BuildingsManager.swift; sourceTree = "<group>"; };
		DB71E68D2A597F4300315D11 /* APIBuilding.swift */ = {isa = PBXFileReference; lastKnownFileType = sourcecode.swift; path = APIBuilding.swift; sourceTree = "<group>"; };
		DB71E6902A5980CB00315D11 /* BuildingsMapper.swift */ = {isa = PBXFileReference; lastKnownFileType = sourcecode.swift; path = BuildingsMapper.swift; sourceTree = "<group>"; };
		DB71E6962A5B44F100315D11 /* APIBuildingDetail.swift */ = {isa = PBXFileReference; lastKnownFileType = sourcecode.swift; path = APIBuildingDetail.swift; sourceTree = "<group>"; };
		DB71E6992A5B459E00315D11 /* BuildingDetail.swift */ = {isa = PBXFileReference; lastKnownFileType = sourcecode.swift; path = BuildingDetail.swift; sourceTree = "<group>"; };
		DB71E69E2A5C7A2A00315D11 /* APIArchitect.swift */ = {isa = PBXFileReference; lastKnownFileType = sourcecode.swift; path = APIArchitect.swift; sourceTree = "<group>"; };
		DB71E6A02A5C7D1400315D11 /* APIArchitectDetail.swift */ = {isa = PBXFileReference; lastKnownFileType = sourcecode.swift; path = APIArchitectDetail.swift; sourceTree = "<group>"; };
		DB71E6A22A5C809F00315D11 /* ArchitectsMapper.swift */ = {isa = PBXFileReference; lastKnownFileType = sourcecode.swift; path = ArchitectsMapper.swift; sourceTree = "<group>"; };
		DB71E6A42A5C80EC00315D11 /* Architect.swift */ = {isa = PBXFileReference; lastKnownFileType = sourcecode.swift; path = Architect.swift; sourceTree = "<group>"; };
		DB71E6A62A5C841300315D11 /* ArchitectDetail.swift */ = {isa = PBXFileReference; lastKnownFileType = sourcecode.swift; path = ArchitectDetail.swift; sourceTree = "<group>"; };
		DB71E6AB2A63F1BB00315D11 /* ArchitectsManager.swift */ = {isa = PBXFileReference; lastKnownFileType = sourcecode.swift; path = ArchitectsManager.swift; sourceTree = "<group>"; };
		DB71E6F62A64201C00315D11 /* String+fromHtmlToAttributed.swift */ = {isa = PBXFileReference; lastKnownFileType = sourcecode.swift; path = "String+fromHtmlToAttributed.swift"; sourceTree = "<group>"; };
		DBEAD8242A5366DA009A9E9B /* ImageCacheManager.swift */ = {isa = PBXFileReference; lastKnownFileType = sourcecode.swift; path = ImageCacheManager.swift; sourceTree = "<group>"; };
/* End PBXFileReference section */

/* Begin PBXFrameworksBuildPhase section */
		11AFF13C288F40D200BD2ADC /* Frameworks */ = {
			isa = PBXFrameworksBuildPhase;
			buildActionMask = 2147483647;
			files = (
				11AFF144288F40D200BD2ADC /* SwiftUI.framework in Frameworks */,
				11AFF142288F40D200BD2ADC /* WidgetKit.framework in Frameworks */,
			);
			runOnlyForDeploymentPostprocessing = 0;
		};
		11F559FD271C546800BF5E8E /* Frameworks */ = {
			isa = PBXFrameworksBuildPhase;
			buildActionMask = 2147483647;
			files = (
				11521954289EECD50090F324 /* CloudKit.framework in Frameworks */,
			);
			runOnlyForDeploymentPostprocessing = 0;
		};
/* End PBXFrameworksBuildPhase section */

/* Begin PBXGroup section */
		113BA80127AF56EE0033E0E6 /* ArchitectsListView */ = {
			isa = PBXGroup;
			children = (
				113BA7FF27AF4F4C0033E0E6 /* ArchitectsListViewModel.swift */,
				113BA80227AF57450033E0E6 /* ArchitectsListView.swift */,
				11A8471D2846A15C00AF68F4 /* ArchitectsListSuccessView.swift */,
			);
			path = ArchitectsListView;
			sourceTree = "<group>";
		};
		11521952289EECD50090F324 /* Frameworks */ = {
			isa = PBXGroup;
			children = (
				11521953289EECD50090F324 /* CloudKit.framework */,
			);
			name = Frameworks;
			sourceTree = "<group>";
		};
		11907CA127B30B6200CC5368 /* Client */ = {
			isa = PBXGroup;
			children = (
				11907CA227B30B8800CC5368 /* LoadingState.swift */,
				1152BF7327A70D47004EBD97 /* API.swift */,
				1103C26D27BAD7570064D1E5 /* Error.swift */,
				1103C26F27BAD82A0064D1E5 /* MIAClient.swift */,
			);
			path = Client;
			sourceTree = "<group>";
		};
		11907CAA27B3296D00CC5368 /* shared */ = {
			isa = PBXGroup;
			children = (
				111BB2712842B79F00FF72F1 /* MIAAsyncHeaderImage.swift */,
				11A3E55327B4853800423B65 /* MIASection.swift */,
				118680D927B5B0360008C589 /* MIAFoldableText.swift */,
				11C2032327B9C6A700C3D328 /* MIAActivityIndicator.swift */,
				1103C27127BAE41B0064D1E5 /* MIAErrorView.swift */,
				112CED0927CE99E5007BE46B /* MIAToolBarLogo.swift */,
				11A847212846D19600AF68F4 /* MIAShareView.swift */,
				11A8471F2846AC2100AF68F4 /* MIASectionIndexView.swift */,
				11E5E5682847AF3D0021D22A /* MIASearchBar.swift */,
				11E5E56A2847C1310021D22A /* MIASearchButton.swift */,
			);
			path = shared;
			sourceTree = "<group>";
		};
		11A5190E286A432500312486 /* BookmarksView */ = {
			isa = PBXGroup;
			children = (
				1152194F289EDDB40090F324 /* BookmarksViewModel.swift */,
				11A5190F286A438400312486 /* BookmarksView.swift */,
				11A51914286A515900312486 /* BookmarkToolbarView.swift */,
			);
			path = BookmarksView;
			sourceTree = "<group>";
		};
		11A8471C2846A0CA00AF68F4 /* ArchitectView */ = {
			isa = PBXGroup;
			children = (
				11907CA627B30C3F00CC5368 /* ArchitectViewModel.swift */,
				11907CA427B30BCD00CC5368 /* ArchitectDetailView.swift */,
				11A847232846E84A00AF68F4 /* ArchitectView.swift */,
			);
			path = ArchitectView;
			sourceTree = "<group>";
		};
		11AFF140288F40D200BD2ADC /* Frameworks */ = {
			isa = PBXGroup;
			children = (
				11AFF141288F40D200BD2ADC /* WidgetKit.framework */,
				11AFF143288F40D200BD2ADC /* SwiftUI.framework */,
			);
			name = Frameworks;
			sourceTree = "<group>";
		};
		11AFF145288F40D200BD2ADC /* MIAappWidget */ = {
			isa = PBXGroup;
			children = (
				11AFF146288F40D200BD2ADC /* MIAappWidget.swift */,
				11AFF148288F40D400BD2ADC /* Assets.xcassets */,
				11AFF14A288F40D400BD2ADC /* Info.plist */,
			);
			path = MIAappWidget;
			sourceTree = "<group>";
		};
		11B0ED88272DDD4600CA75FF /* BuildingsListView */ = {
			isa = PBXGroup;
			children = (
				11F55A14271C574300BF5E8E /* BuildingsListViewModel.swift */,
				11F55A16271C5A6400BF5E8E /* BuildingsListView.swift */,
				111BB26F2842AD5200FF72F1 /* BuildingsListSuccessView.swift */,
				1131C90E271DC2B300DE3FAA /* BuildingsListCellView.swift */,
			);
			path = BuildingsListView;
			sourceTree = "<group>";
		};
		11B0ED89272DDD6700CA75FF /* MIAMapView */ = {
			isa = PBXGroup;
			children = (
				1120DC61272990CA007E9806 /* MIAMapViewModel.swift */,
				1131C910271DE67F00DE3FAA /* MIAMapView.swift */,
				113478A3272B2B7700C94E69 /* MIAMapPinView.swift */,
			);
			path = MIAMapView;
			sourceTree = "<group>";
		};
		11B0ED8A272DDE1400CA75FF /* BuildingView */ = {
			isa = PBXGroup;
			children = (
				1163482A272438FB00547A28 /* BuildingViewModel.swift */,
				118E2ED52722053C001B5F50 /* BuildingView.swift */,
				111BB26D2842754000FF72F1 /* BuildingDetailView.swift */,
				1163482E27245E0700547A28 /* BuildingDetailGridGalleryView.swift */,
				11FAA9B42725DC8600692DA3 /* BuildingDetailMapView.swift */,
				11E197BA27405DF800D1DADA /* BuildingSwipeGalleryView.swift */,
				1110E32C2843E2240037F65C /* BuildingSwipeGalleryImageView.swift */,
			);
			path = BuildingView;
			sourceTree = "<group>";
		};
		11F559F7271C546800BF5E8E = {
			isa = PBXGroup;
			children = (
				DBEAD8222A5366A0009A9E9B /* Shared */,
				11F55A02271C546800BF5E8E /* MIAapp */,
				11AFF145288F40D200BD2ADC /* MIAappWidget */,
				11AFF140288F40D200BD2ADC /* Frameworks */,
				11521952289EECD50090F324 /* Frameworks */,
				11F55A01271C546800BF5E8E /* Products */,
			);
			sourceTree = "<group>";
		};
		11F55A01271C546800BF5E8E /* Products */ = {
			isa = PBXGroup;
			children = (
				11F55A00271C546800BF5E8E /* MIA.app */,
				11AFF13F288F40D200BD2ADC /* MIAappWidgetExtension.appex */,
			);
			name = Products;
			sourceTree = "<group>";
		};
		11F55A02271C546800BF5E8E /* MIAapp */ = {
			isa = PBXGroup;
			children = (
				11DCCE4A289EF4DF0086418D /* MIAappDebug.entitlements */,
				11521951289EECCE0090F324 /* MIAappRelease.entitlements */,
				11F55A1B271CAD2A00BF5E8E /* Constants.swift */,
				11F55A05271C546800BF5E8E /* ContentView.swift */,
				1152BF7727A7399B004EBD97 /* Extensions.swift */,
				11F55A03271C546800BF5E8E /* MIAappApp.swift */,
				11C478A027973BF7001C9D21 /* Secret.swift */,
				1168106F27C1378100A62DD8 /* TabController.swift */,
				11F55A07271C546C00BF5E8E /* Assets.xcassets */,
				11F55A19271CACC800BF5E8E /* Colors.xcassets */,
				11FAA9B62725F3D200692DA3 /* Media.xcassets */,
				11F55A18271C5B8E00BF5E8E /* View */,
				11F55A09271C546C00BF5E8E /* Preview Content */,
			);
			path = MIAapp;
			sourceTree = "<group>";
		};
		11F55A09271C546C00BF5E8E /* Preview Content */ = {
			isa = PBXGroup;
			children = (
				11F55A0A271C546C00BF5E8E /* Preview Assets.xcassets */,
			);
			path = "Preview Content";
			sourceTree = "<group>";
		};
		11F55A18271C5B8E00BF5E8E /* View */ = {
			isa = PBXGroup;
			children = (
				113BA80127AF56EE0033E0E6 /* ArchitectsListView */,
				11A8471C2846A0CA00AF68F4 /* ArchitectView */,
				11A5190E286A432500312486 /* BookmarksView */,
				11B0ED88272DDD4600CA75FF /* BuildingsListView */,
				11B0ED8A272DDE1400CA75FF /* BuildingView */,
				11B0ED89272DDD6700CA75FF /* MIAMapView */,
				11907CAA27B3296D00CC5368 /* shared */,
			);
			path = View;
			sourceTree = "<group>";
		};
		DB2076382A54A3B800106FC0 /* SwiftUI */ = {
			isa = PBXGroup;
			children = (
				DB2076392A54A4DE00106FC0 /* Components */,
			);
			path = SwiftUI;
			sourceTree = "<group>";
		};
		DB2076392A54A4DE00106FC0 /* Components */ = {
			isa = PBXGroup;
			children = (
				DB20763A2A54A53600106FC0 /* MIAAsyncImageView.swift */,
				DB20763C2A54A54800106FC0 /* MIAAsyncImageViewModel.swift */,
			);
			path = Components;
			sourceTree = "<group>";
		};
		DB71E68A2A597EE100315D11 /* Model */ = {
			isa = PBXGroup;
			children = (
				DB71E68B2A597EF300315D11 /* API */,
				DB71E68C2A597EFC00315D11 /* Business */,
				DB71E68F2A59808500315D11 /* Mapper */,
			);
			path = Model;
			sourceTree = "<group>";
		};
		DB71E68B2A597EF300315D11 /* API */ = {
			isa = PBXGroup;
			children = (
				DB71E68D2A597F4300315D11 /* APIBuilding.swift */,
				DB71E6962A5B44F100315D11 /* APIBuildingDetail.swift */,
				DB71E69E2A5C7A2A00315D11 /* APIArchitect.swift */,
				DB71E6A02A5C7D1400315D11 /* APIArchitectDetail.swift */,
			);
			path = API;
			sourceTree = "<group>";
		};
		DB71E68C2A597EFC00315D11 /* Business */ = {
			isa = PBXGroup;
			children = (
				11F55A12271C56EC00BF5E8E /* Building.swift */,
				DB71E6992A5B459E00315D11 /* BuildingDetail.swift */,
				DB71E6A42A5C80EC00315D11 /* Architect.swift */,
				DB71E6A62A5C841300315D11 /* ArchitectDetail.swift */,
			);
			path = Business;
			sourceTree = "<group>";
		};
		DB71E68F2A59808500315D11 /* Mapper */ = {
			isa = PBXGroup;
			children = (
				DB71E6902A5980CB00315D11 /* BuildingsMapper.swift */,
				DB71E6A22A5C809F00315D11 /* ArchitectsMapper.swift */,
			);
			path = Mapper;
			sourceTree = "<group>";
		};
		DB71E6E92A641CD500315D11 /* Extensions */ = {
			isa = PBXGroup;
			children = (
				DB71E6F62A64201C00315D11 /* String+fromHtmlToAttributed.swift */,
			);
			path = Extensions;
			sourceTree = "<group>";
		};
		DBEAD8222A5366A0009A9E9B /* Shared */ = {
			isa = PBXGroup;
			children = (
				11907CA127B30B6200CC5368 /* Client */,
				DB71E6E92A641CD500315D11 /* Extensions */,
				DBEAD8232A5366B3009A9E9B /* Manager */,
				DB71E68A2A597EE100315D11 /* Model */,
				DB2076382A54A3B800106FC0 /* SwiftUI */,
			);
			path = Shared;
			sourceTree = "<group>";
		};
		DBEAD8232A5366B3009A9E9B /* Manager */ = {
			isa = PBXGroup;
			children = (
				DBEAD8242A5366DA009A9E9B /* ImageCacheManager.swift */,
				DB71E6872A58A34200315D11 /* BuildingsManager.swift */,
				DB71E6AB2A63F1BB00315D11 /* ArchitectsManager.swift */,
			);
			path = Manager;
			sourceTree = "<group>";
		};
/* End PBXGroup section */

/* Begin PBXNativeTarget section */
		11AFF13E288F40D200BD2ADC /* MIAappWidgetExtension */ = {
			isa = PBXNativeTarget;
			buildConfigurationList = 11AFF151288F40D400BD2ADC /* Build configuration list for PBXNativeTarget "MIAappWidgetExtension" */;
			buildPhases = (
				11AFF13B288F40D200BD2ADC /* Sources */,
				11AFF13C288F40D200BD2ADC /* Frameworks */,
				11AFF13D288F40D200BD2ADC /* Resources */,
			);
			buildRules = (
			);
			dependencies = (
			);
			name = MIAappWidgetExtension;
			productName = MIAappWidgetExtension;
			productReference = 11AFF13F288F40D200BD2ADC /* MIAappWidgetExtension.appex */;
			productType = "com.apple.product-type.app-extension";
		};
		11F559FF271C546800BF5E8E /* MIAapp */ = {
			isa = PBXNativeTarget;
			buildConfigurationList = 11F55A0E271C546C00BF5E8E /* Build configuration list for PBXNativeTarget "MIAapp" */;
			buildPhases = (
				11F559FC271C546800BF5E8E /* Sources */,
				11F559FD271C546800BF5E8E /* Frameworks */,
				11F559FE271C546800BF5E8E /* Resources */,
				11AFF14E288F40D400BD2ADC /* Embed App Extensions */,
			);
			buildRules = (
			);
			dependencies = (
				11AFF14C288F40D400BD2ADC /* PBXTargetDependency */,
			);
			name = MIAapp;
			productName = MIAapp;
			productReference = 11F55A00271C546800BF5E8E /* MIA.app */;
			productType = "com.apple.product-type.application";
		};
/* End PBXNativeTarget section */

/* Begin PBXProject section */
		11F559F8271C546800BF5E8E /* Project object */ = {
			isa = PBXProject;
			attributes = {
				BuildIndependentTargetsInParallel = 1;
				LastSwiftUpdateCheck = 1330;
				LastUpgradeCheck = 1300;
				TargetAttributes = {
					11AFF13E288F40D200BD2ADC = {
						CreatedOnToolsVersion = 13.3.1;
					};
					11F559FF271C546800BF5E8E = {
						CreatedOnToolsVersion = 13.0;
					};
				};
			};
			buildConfigurationList = 11F559FB271C546800BF5E8E /* Build configuration list for PBXProject "MIAapp" */;
			compatibilityVersion = "Xcode 13.0";
			developmentRegion = en;
			hasScannedForEncodings = 0;
			knownRegions = (
				en,
				Base,
			);
			mainGroup = 11F559F7271C546800BF5E8E;
			productRefGroup = 11F55A01271C546800BF5E8E /* Products */;
			projectDirPath = "";
			projectRoot = "";
			targets = (
				11F559FF271C546800BF5E8E /* MIAapp */,
				11AFF13E288F40D200BD2ADC /* MIAappWidgetExtension */,
			);
		};
/* End PBXProject section */

/* Begin PBXResourcesBuildPhase section */
		11AFF13D288F40D200BD2ADC /* Resources */ = {
			isa = PBXResourcesBuildPhase;
			buildActionMask = 2147483647;
			files = (
				11AFF158288F5CE700BD2ADC /* Media.xcassets in Resources */,
				11AFF149288F40D400BD2ADC /* Assets.xcassets in Resources */,
			);
			runOnlyForDeploymentPostprocessing = 0;
		};
		11F559FE271C546800BF5E8E /* Resources */ = {
			isa = PBXResourcesBuildPhase;
			buildActionMask = 2147483647;
			files = (
				11FAA9B72725F3D200692DA3 /* Media.xcassets in Resources */,
				11F55A1A271CACC900BF5E8E /* Colors.xcassets in Resources */,
				11F55A0B271C546C00BF5E8E /* Preview Assets.xcassets in Resources */,
				11F55A08271C546C00BF5E8E /* Assets.xcassets in Resources */,
			);
			runOnlyForDeploymentPostprocessing = 0;
		};
/* End PBXResourcesBuildPhase section */

/* Begin PBXSourcesBuildPhase section */
		11AFF13B288F40D200BD2ADC /* Sources */ = {
			isa = PBXSourcesBuildPhase;
			buildActionMask = 2147483647;
			files = (
				DB71E6F12A641EBF00315D11 /* APIBuilding.swift in Sources */,
				DB71E6F42A641F6F00315D11 /* Secret.swift in Sources */,
				DB71E6F92A6420CC00315D11 /* ImageCacheManager.swift in Sources */,
				DB71E6F02A641EA800315D11 /* BuildingDetail.swift in Sources */,
				DB71E6F52A641FA500315D11 /* Error.swift in Sources */,
				DB71E6E72A641C7C00315D11 /* Building.swift in Sources */,
				DB71E6F22A641EEB00315D11 /* APIBuildingDetail.swift in Sources */,
				DB71E6EC2A641E3600315D11 /* BuildingsManager.swift in Sources */,
				DB71E6F32A641F2900315D11 /* MIAToolBarLogo.swift in Sources */,
				DB71E6EB2A641DEA00315D11 /* MIAappWidget.swift in Sources */,
				DB71E6EA2A641DA700315D11 /* Constants.swift in Sources */,
				DB71E6F82A64201C00315D11 /* String+fromHtmlToAttributed.swift in Sources */,
				DB71E6EE2A641E7100315D11 /* MIAClient.swift in Sources */,
				DB71E6ED2A641E4700315D11 /* BuildingsMapper.swift in Sources */,
				DB71E6EF2A641E8400315D11 /* API.swift in Sources */,
			);
			runOnlyForDeploymentPostprocessing = 0;
		};
		11F559FC271C546800BF5E8E /* Sources */ = {
			isa = PBXSourcesBuildPhase;
			buildActionMask = 2147483647;
			files = (
				11C2032427B9C6A700C3D328 /* MIAActivityIndicator.swift in Sources */,
				DB20763B2A54A53600106FC0 /* MIAAsyncImageView.swift in Sources */,
				11A3E55427B4853800423B65 /* MIASection.swift in Sources */,
				111BB2702842AD5200FF72F1 /* BuildingsListSuccessView.swift in Sources */,
				1152BF7827A7399B004EBD97 /* Extensions.swift in Sources */,
				11A51910286A438400312486 /* BookmarksView.swift in Sources */,
				11907CA527B30BCD00CC5368 /* ArchitectDetailView.swift in Sources */,
				11A8471E2846A15C00AF68F4 /* ArchitectsListSuccessView.swift in Sources */,
				11FAA9B52725DC8600692DA3 /* BuildingDetailMapView.swift in Sources */,
				11F55A06271C546800BF5E8E /* ContentView.swift in Sources */,
				111BB26E2842754000FF72F1 /* BuildingDetailView.swift in Sources */,
				DB71E6F72A64201C00315D11 /* String+fromHtmlToAttributed.swift in Sources */,
				DB71E6AC2A63F1BB00315D11 /* ArchitectsManager.swift in Sources */,
				111BB2722842B79F00FF72F1 /* MIAAsyncHeaderImage.swift in Sources */,
				11F55A17271C5A6400BF5E8E /* BuildingsListView.swift in Sources */,
				1152BF7627A737C4004EBD97 /* BuildingSwipeGalleryView.swift in Sources */,
				DB20763D2A54A54800106FC0 /* MIAAsyncImageViewModel.swift in Sources */,
				11F55A13271C56EC00BF5E8E /* Building.swift in Sources */,
				118680DA27B5B0360008C589 /* MIAFoldableText.swift in Sources */,
				DBEAD8252A5366DA009A9E9B /* ImageCacheManager.swift in Sources */,
				1110E32D2843E2240037F65C /* BuildingSwipeGalleryImageView.swift in Sources */,
				1131C911271DE67F00DE3FAA /* MIAMapView.swift in Sources */,
				DB71E6912A5980CB00315D11 /* BuildingsMapper.swift in Sources */,
				1168107027C1378100A62DD8 /* TabController.swift in Sources */,
				1103C27227BAE41B0064D1E5 /* MIAErrorView.swift in Sources */,
				DB71E69A2A5B459E00315D11 /* BuildingDetail.swift in Sources */,
				11A847202846AC2100AF68F4 /* MIASectionIndexView.swift in Sources */,
				112CED0A27CE99E5007BE46B /* MIAToolBarLogo.swift in Sources */,
				11907CA327B30B8800CC5368 /* LoadingState.swift in Sources */,
				11A51915286A515900312486 /* BookmarkToolbarView.swift in Sources */,
				11A847222846D19600AF68F4 /* MIAShareView.swift in Sources */,
				1103C26E27BAD7570064D1E5 /* Error.swift in Sources */,
				11E5E56B2847C1310021D22A /* MIASearchButton.swift in Sources */,
				11F55A04271C546800BF5E8E /* MIAappApp.swift in Sources */,
				1163482B272438FB00547A28 /* BuildingViewModel.swift in Sources */,
				1120DC62272990CA007E9806 /* MIAMapViewModel.swift in Sources */,
				DB71E6A52A5C80EC00315D11 /* Architect.swift in Sources */,
				11F55A15271C574300BF5E8E /* BuildingsListViewModel.swift in Sources */,
				DB71E68E2A597F4300315D11 /* APIBuilding.swift in Sources */,
				113BA80027AF4F4C0033E0E6 /* ArchitectsListViewModel.swift in Sources */,
				11A847242846E84A00AF68F4 /* ArchitectView.swift in Sources */,
				DB71E69F2A5C7A2A00315D11 /* APIArchitect.swift in Sources */,
				1152BF7427A70D47004EBD97 /* API.swift in Sources */,
				DB71E6972A5B44F100315D11 /* APIBuildingDetail.swift in Sources */,
				11521950289EDDB40090F324 /* BookmarksViewModel.swift in Sources */,
				11C478A127973BF7001C9D21 /* Secret.swift in Sources */,
				11E5E5692847AF3D0021D22A /* MIASearchBar.swift in Sources */,
				11907CA727B30C3F00CC5368 /* ArchitectViewModel.swift in Sources */,
				1103C27027BAD82A0064D1E5 /* MIAClient.swift in Sources */,
				DB71E6A32A5C809F00315D11 /* ArchitectsMapper.swift in Sources */,
				1131C90F271DC2B300DE3FAA /* BuildingsListCellView.swift in Sources */,
				113478A4272B2B7700C94E69 /* MIAMapPinView.swift in Sources */,
				DB71E6A72A5C841300315D11 /* ArchitectDetail.swift in Sources */,
				113BA80327AF57450033E0E6 /* ArchitectsListView.swift in Sources */,
				DB71E6882A58A34200315D11 /* BuildingsManager.swift in Sources */,
				1152BF7527A736A4004EBD97 /* BuildingDetailGridGalleryView.swift in Sources */,
				11F55A1C271CAD2A00BF5E8E /* Constants.swift in Sources */,
				11C478A227974794001C9D21 /* BuildingView.swift in Sources */,
				DB71E6A12A5C7D1400315D11 /* APIArchitectDetail.swift in Sources */,
			);
			runOnlyForDeploymentPostprocessing = 0;
		};
/* End PBXSourcesBuildPhase section */

/* Begin PBXTargetDependency section */
		11AFF14C288F40D400BD2ADC /* PBXTargetDependency */ = {
			isa = PBXTargetDependency;
			target = 11AFF13E288F40D200BD2ADC /* MIAappWidgetExtension */;
			targetProxy = 11AFF14B288F40D400BD2ADC /* PBXContainerItemProxy */;
		};
/* End PBXTargetDependency section */

/* Begin XCBuildConfiguration section */
		11AFF14F288F40D400BD2ADC /* Debug */ = {
			isa = XCBuildConfiguration;
			buildSettings = {
				ASSETCATALOG_COMPILER_GLOBAL_ACCENT_COLOR_NAME = AccentColor;
				ASSETCATALOG_COMPILER_WIDGET_BACKGROUND_COLOR_NAME = WidgetBackground;
				CODE_SIGN_IDENTITY = "Apple Development";
				CODE_SIGN_STYLE = Automatic;
				CURRENT_PROJECT_VERSION = 1;
				DEVELOPMENT_TEAM = T4C95573CH;
				GENERATE_INFOPLIST_FILE = YES;
				INFOPLIST_FILE = MIAappWidget/Info.plist;
				INFOPLIST_KEY_CFBundleDisplayName = MIAappWidget;
				INFOPLIST_KEY_NSHumanReadableCopyright = "";
				IPHONEOS_DEPLOYMENT_TARGET = 15.4;
				LD_RUNPATH_SEARCH_PATHS = (
					"$(inherited)",
					"@executable_path/Frameworks",
					"@executable_path/../../Frameworks",
				);
				MARKETING_VERSION = 1.1;
				PRODUCT_BUNDLE_IDENTIFIER = "org.modernism-in-architecture.MIAapp.MIAappWidget";
				PRODUCT_NAME = "$(TARGET_NAME)";
				SKIP_INSTALL = YES;
				SWIFT_EMIT_LOC_STRINGS = YES;
				SWIFT_VERSION = 5.0;
				TARGETED_DEVICE_FAMILY = "1,2";
			};
			name = Debug;
		};
		11AFF150288F40D400BD2ADC /* Release */ = {
			isa = XCBuildConfiguration;
			buildSettings = {
				ASSETCATALOG_COMPILER_GLOBAL_ACCENT_COLOR_NAME = AccentColor;
				ASSETCATALOG_COMPILER_WIDGET_BACKGROUND_COLOR_NAME = WidgetBackground;
				CODE_SIGN_IDENTITY = "Apple Development";
				CODE_SIGN_STYLE = Automatic;
				CURRENT_PROJECT_VERSION = 1;
				DEVELOPMENT_TEAM = T4C95573CH;
				GENERATE_INFOPLIST_FILE = YES;
				INFOPLIST_FILE = MIAappWidget/Info.plist;
				INFOPLIST_KEY_CFBundleDisplayName = MIAappWidget;
				INFOPLIST_KEY_NSHumanReadableCopyright = "";
				IPHONEOS_DEPLOYMENT_TARGET = 15.4;
				LD_RUNPATH_SEARCH_PATHS = (
					"$(inherited)",
					"@executable_path/Frameworks",
					"@executable_path/../../Frameworks",
				);
				MARKETING_VERSION = 1.1;
				PRODUCT_BUNDLE_IDENTIFIER = "org.modernism-in-architecture.MIAapp.MIAappWidget";
				PRODUCT_NAME = "$(TARGET_NAME)";
				SKIP_INSTALL = YES;
				SWIFT_EMIT_LOC_STRINGS = YES;
				SWIFT_VERSION = 5.0;
				TARGETED_DEVICE_FAMILY = "1,2";
			};
			name = Release;
		};
		11F55A0C271C546C00BF5E8E /* Debug */ = {
			isa = XCBuildConfiguration;
			buildSettings = {
				ALWAYS_SEARCH_USER_PATHS = NO;
				CLANG_ANALYZER_NONNULL = YES;
				CLANG_ANALYZER_NUMBER_OBJECT_CONVERSION = YES_AGGRESSIVE;
				CLANG_CXX_LANGUAGE_STANDARD = "gnu++17";
				CLANG_CXX_LIBRARY = "libc++";
				CLANG_ENABLE_MODULES = YES;
				CLANG_ENABLE_OBJC_ARC = YES;
				CLANG_ENABLE_OBJC_WEAK = YES;
				CLANG_WARN_BLOCK_CAPTURE_AUTORELEASING = YES;
				CLANG_WARN_BOOL_CONVERSION = YES;
				CLANG_WARN_COMMA = YES;
				CLANG_WARN_CONSTANT_CONVERSION = YES;
				CLANG_WARN_DEPRECATED_OBJC_IMPLEMENTATIONS = YES;
				CLANG_WARN_DIRECT_OBJC_ISA_USAGE = YES_ERROR;
				CLANG_WARN_DOCUMENTATION_COMMENTS = YES;
				CLANG_WARN_EMPTY_BODY = YES;
				CLANG_WARN_ENUM_CONVERSION = YES;
				CLANG_WARN_INFINITE_RECURSION = YES;
				CLANG_WARN_INT_CONVERSION = YES;
				CLANG_WARN_NON_LITERAL_NULL_CONVERSION = YES;
				CLANG_WARN_OBJC_IMPLICIT_RETAIN_SELF = YES;
				CLANG_WARN_OBJC_LITERAL_CONVERSION = YES;
				CLANG_WARN_OBJC_ROOT_CLASS = YES_ERROR;
				CLANG_WARN_QUOTED_INCLUDE_IN_FRAMEWORK_HEADER = YES;
				CLANG_WARN_RANGE_LOOP_ANALYSIS = YES;
				CLANG_WARN_STRICT_PROTOTYPES = YES;
				CLANG_WARN_SUSPICIOUS_MOVE = YES;
				CLANG_WARN_UNGUARDED_AVAILABILITY = YES_AGGRESSIVE;
				CLANG_WARN_UNREACHABLE_CODE = YES;
				CLANG_WARN__DUPLICATE_METHOD_MATCH = YES;
				COPY_PHASE_STRIP = NO;
				DEBUG_INFORMATION_FORMAT = dwarf;
				ENABLE_STRICT_OBJC_MSGSEND = YES;
				ENABLE_TESTABILITY = YES;
				GCC_C_LANGUAGE_STANDARD = gnu11;
				GCC_DYNAMIC_NO_PIC = NO;
				GCC_NO_COMMON_BLOCKS = YES;
				GCC_OPTIMIZATION_LEVEL = 0;
				GCC_PREPROCESSOR_DEFINITIONS = (
					"DEBUG=1",
					"$(inherited)",
				);
				GCC_WARN_64_TO_32_BIT_CONVERSION = YES;
				GCC_WARN_ABOUT_RETURN_TYPE = YES_ERROR;
				GCC_WARN_UNDECLARED_SELECTOR = YES;
				GCC_WARN_UNINITIALIZED_AUTOS = YES_AGGRESSIVE;
				GCC_WARN_UNUSED_FUNCTION = YES;
				GCC_WARN_UNUSED_VARIABLE = YES;
				IPHONEOS_DEPLOYMENT_TARGET = 15.0;
				MTL_ENABLE_DEBUG_INFO = INCLUDE_SOURCE;
				MTL_FAST_MATH = YES;
				ONLY_ACTIVE_ARCH = YES;
				SDKROOT = iphoneos;
				SWIFT_ACTIVE_COMPILATION_CONDITIONS = DEBUG;
				SWIFT_OPTIMIZATION_LEVEL = "-Onone";
			};
			name = Debug;
		};
		11F55A0D271C546C00BF5E8E /* Release */ = {
			isa = XCBuildConfiguration;
			buildSettings = {
				ALWAYS_SEARCH_USER_PATHS = NO;
				CLANG_ANALYZER_NONNULL = YES;
				CLANG_ANALYZER_NUMBER_OBJECT_CONVERSION = YES_AGGRESSIVE;
				CLANG_CXX_LANGUAGE_STANDARD = "gnu++17";
				CLANG_CXX_LIBRARY = "libc++";
				CLANG_ENABLE_MODULES = YES;
				CLANG_ENABLE_OBJC_ARC = YES;
				CLANG_ENABLE_OBJC_WEAK = YES;
				CLANG_WARN_BLOCK_CAPTURE_AUTORELEASING = YES;
				CLANG_WARN_BOOL_CONVERSION = YES;
				CLANG_WARN_COMMA = YES;
				CLANG_WARN_CONSTANT_CONVERSION = YES;
				CLANG_WARN_DEPRECATED_OBJC_IMPLEMENTATIONS = YES;
				CLANG_WARN_DIRECT_OBJC_ISA_USAGE = YES_ERROR;
				CLANG_WARN_DOCUMENTATION_COMMENTS = YES;
				CLANG_WARN_EMPTY_BODY = YES;
				CLANG_WARN_ENUM_CONVERSION = YES;
				CLANG_WARN_INFINITE_RECURSION = YES;
				CLANG_WARN_INT_CONVERSION = YES;
				CLANG_WARN_NON_LITERAL_NULL_CONVERSION = YES;
				CLANG_WARN_OBJC_IMPLICIT_RETAIN_SELF = YES;
				CLANG_WARN_OBJC_LITERAL_CONVERSION = YES;
				CLANG_WARN_OBJC_ROOT_CLASS = YES_ERROR;
				CLANG_WARN_QUOTED_INCLUDE_IN_FRAMEWORK_HEADER = YES;
				CLANG_WARN_RANGE_LOOP_ANALYSIS = YES;
				CLANG_WARN_STRICT_PROTOTYPES = YES;
				CLANG_WARN_SUSPICIOUS_MOVE = YES;
				CLANG_WARN_UNGUARDED_AVAILABILITY = YES_AGGRESSIVE;
				CLANG_WARN_UNREACHABLE_CODE = YES;
				CLANG_WARN__DUPLICATE_METHOD_MATCH = YES;
				COPY_PHASE_STRIP = NO;
				DEBUG_INFORMATION_FORMAT = "dwarf-with-dsym";
				ENABLE_NS_ASSERTIONS = NO;
				ENABLE_STRICT_OBJC_MSGSEND = YES;
				GCC_C_LANGUAGE_STANDARD = gnu11;
				GCC_NO_COMMON_BLOCKS = YES;
				GCC_WARN_64_TO_32_BIT_CONVERSION = YES;
				GCC_WARN_ABOUT_RETURN_TYPE = YES_ERROR;
				GCC_WARN_UNDECLARED_SELECTOR = YES;
				GCC_WARN_UNINITIALIZED_AUTOS = YES_AGGRESSIVE;
				GCC_WARN_UNUSED_FUNCTION = YES;
				GCC_WARN_UNUSED_VARIABLE = YES;
				IPHONEOS_DEPLOYMENT_TARGET = 15.0;
				MTL_ENABLE_DEBUG_INFO = NO;
				MTL_FAST_MATH = YES;
				SDKROOT = iphoneos;
				SWIFT_COMPILATION_MODE = wholemodule;
				SWIFT_OPTIMIZATION_LEVEL = "-O";
				VALIDATE_PRODUCT = YES;
			};
			name = Release;
		};
		11F55A0F271C546C00BF5E8E /* Debug */ = {
			isa = XCBuildConfiguration;
			buildSettings = {
				ALWAYS_EMBED_SWIFT_STANDARD_LIBRARIES = YES;
				ASSETCATALOG_COMPILER_APPICON_NAME = "AppIcon-2";
				ASSETCATALOG_COMPILER_GLOBAL_ACCENT_COLOR_NAME = AccentColor;
				ASSETCATALOG_COMPILER_INCLUDE_ALL_APPICON_ASSETS = NO;
				CODE_SIGN_ENTITLEMENTS = MIAapp/MIAappDebug.entitlements;
				CODE_SIGN_IDENTITY = "Apple Development";
				CODE_SIGN_STYLE = Automatic;
				CURRENT_PROJECT_VERSION = 1;
				DEVELOPMENT_ASSET_PATHS = "\"MIAapp/Preview Content\"";
				DEVELOPMENT_TEAM = T4C95573CH;
				ENABLE_PREVIEWS = YES;
				GENERATE_INFOPLIST_FILE = YES;
				INFOPLIST_KEY_NSLocationWhenInUseUsageDescription = "Um die Mapfunktionen zu nutzen";
				INFOPLIST_KEY_UIApplicationSceneManifest_Generation = YES;
				INFOPLIST_KEY_UIApplicationSupportsIndirectInputEvents = YES;
				INFOPLIST_KEY_UILaunchScreen_Generation = YES;
				INFOPLIST_KEY_UISupportedInterfaceOrientations_iPad = "UIInterfaceOrientationPortrait UIInterfaceOrientationPortraitUpsideDown UIInterfaceOrientationLandscapeLeft UIInterfaceOrientationLandscapeRight";
				INFOPLIST_KEY_UISupportedInterfaceOrientations_iPhone = "UIInterfaceOrientationPortrait UIInterfaceOrientationLandscapeLeft UIInterfaceOrientationLandscapeRight";
				IPHONEOS_DEPLOYMENT_TARGET = 17.0;
				LD_RUNPATH_SEARCH_PATHS = (
					"$(inherited)",
					"@executable_path/Frameworks",
				);
				MARKETING_VERSION = 1.4;
				PRODUCT_BUNDLE_IDENTIFIER = "org.modernism-in-architecture.MIAapp";
				PRODUCT_NAME = MIA;
				PROVISIONING_PROFILE_SPECIFIER = "";
				SWIFT_EMIT_LOC_STRINGS = YES;
				SWIFT_VERSION = 5.0;
				TARGETED_DEVICE_FAMILY = 1;
			};
			name = Debug;
		};
		11F55A10271C546C00BF5E8E /* Release */ = {
			isa = XCBuildConfiguration;
			buildSettings = {
				ALWAYS_EMBED_SWIFT_STANDARD_LIBRARIES = YES;
				ASSETCATALOG_COMPILER_APPICON_NAME = "AppIcon-2";
				ASSETCATALOG_COMPILER_GLOBAL_ACCENT_COLOR_NAME = AccentColor;
				ASSETCATALOG_COMPILER_INCLUDE_ALL_APPICON_ASSETS = NO;
				CODE_SIGN_ENTITLEMENTS = MIAapp/MIAappRelease.entitlements;
				CODE_SIGN_IDENTITY = "Apple Development";
				CODE_SIGN_STYLE = Automatic;
				CURRENT_PROJECT_VERSION = 1;
				DEVELOPMENT_ASSET_PATHS = "\"MIAapp/Preview Content\"";
				DEVELOPMENT_TEAM = T4C95573CH;
				ENABLE_PREVIEWS = YES;
				GENERATE_INFOPLIST_FILE = YES;
				INFOPLIST_KEY_NSLocationWhenInUseUsageDescription = "Um die Mapfunktionen zu nutzen";
				INFOPLIST_KEY_UIApplicationSceneManifest_Generation = YES;
				INFOPLIST_KEY_UIApplicationSupportsIndirectInputEvents = YES;
				INFOPLIST_KEY_UILaunchScreen_Generation = YES;
				INFOPLIST_KEY_UISupportedInterfaceOrientations_iPad = "UIInterfaceOrientationPortrait UIInterfaceOrientationPortraitUpsideDown UIInterfaceOrientationLandscapeLeft UIInterfaceOrientationLandscapeRight";
				INFOPLIST_KEY_UISupportedInterfaceOrientations_iPhone = "UIInterfaceOrientationPortrait UIInterfaceOrientationLandscapeLeft UIInterfaceOrientationLandscapeRight";
				IPHONEOS_DEPLOYMENT_TARGET = 17.0;
				LD_RUNPATH_SEARCH_PATHS = (
					"$(inherited)",
					"@executable_path/Frameworks",
				);
				MARKETING_VERSION = 1.4;
				PRODUCT_BUNDLE_IDENTIFIER = "org.modernism-in-architecture.MIAapp";
				PRODUCT_NAME = MIA;
				PROVISIONING_PROFILE_SPECIFIER = "";
				SWIFT_EMIT_LOC_STRINGS = YES;
				SWIFT_VERSION = 5.0;
				TARGETED_DEVICE_FAMILY = 1;
			};
			name = Release;
		};
/* End XCBuildConfiguration section */

/* Begin XCConfigurationList section */
		11AFF151288F40D400BD2ADC /* Build configuration list for PBXNativeTarget "MIAappWidgetExtension" */ = {
			isa = XCConfigurationList;
			buildConfigurations = (
				11AFF14F288F40D400BD2ADC /* Debug */,
				11AFF150288F40D400BD2ADC /* Release */,
			);
			defaultConfigurationIsVisible = 0;
			defaultConfigurationName = Release;
		};
		11F559FB271C546800BF5E8E /* Build configuration list for PBXProject "MIAapp" */ = {
			isa = XCConfigurationList;
			buildConfigurations = (
				11F55A0C271C546C00BF5E8E /* Debug */,
				11F55A0D271C546C00BF5E8E /* Release */,
			);
			defaultConfigurationIsVisible = 0;
			defaultConfigurationName = Release;
		};
		11F55A0E271C546C00BF5E8E /* Build configuration list for PBXNativeTarget "MIAapp" */ = {
			isa = XCConfigurationList;
			buildConfigurations = (
				11F55A0F271C546C00BF5E8E /* Debug */,
				11F55A10271C546C00BF5E8E /* Release */,
			);
			defaultConfigurationIsVisible = 0;
			defaultConfigurationName = Release;
		};
/* End XCConfigurationList section */
	};
	rootObject = 11F559F8271C546800BF5E8E /* Project object */;
}
